// !$*UTF8*$!
{
	archiveVersion = 1;
	classes = {
	};
	objectVersion = 56;
	objects = {

/* Begin PBXBuildFile section */
		0EB12F2929D2AC430093BBE8 /* LookForFriendsViewController.swift in Sources */ = {isa = PBXBuildFile; fileRef = 0EB12F2829D2AC430093BBE8 /* LookForFriendsViewController.swift */; };
		0EB12F2B29D2B3420093BBE8 /* LookForFollowersViewController.swift in Sources */ = {isa = PBXBuildFile; fileRef = 0EB12F2A29D2B3420093BBE8 /* LookForFollowersViewController.swift */; };
		AB16083C299B43BD00693DB8 /* TextField.swift in Sources */ = {isa = PBXBuildFile; fileRef = AB16083B299B43BD00693DB8 /* TextField.swift */; };
		AB16083E299B47E300693DB8 /* LoginHeaderView.swift in Sources */ = {isa = PBXBuildFile; fileRef = AB16083D299B47E300693DB8 /* LoginHeaderView.swift */; };
		AB160840299B575400693DB8 /* createAccountViewController.swift in Sources */ = {isa = PBXBuildFile; fileRef = AB16083F299B575400693DB8 /* createAccountViewController.swift */; };
		AB38B35029AC59BF007A4F45 /* LaunchScreen.storyboard in Resources */ = {isa = PBXBuildFile; fileRef = AB38B35229AC59BF007A4F45 /* LaunchScreen.storyboard */; };
		AB3A47A1299190A1003C1F99 /* Extensions.swift in Sources */ = {isa = PBXBuildFile; fileRef = AB3A47A0299190A1003C1F99 /* Extensions.swift */; };
		AB4486AC29A2C334001345E8 /* PostViewController.swift in Sources */ = {isa = PBXBuildFile; fileRef = AB4486AB29A2C334001345E8 /* PostViewController.swift */; };
		AB4E366B29B6CF54007FCA8D /* SettingsViewController.swift in Sources */ = {isa = PBXBuildFile; fileRef = AB4E366A29B6CF54007FCA8D /* SettingsViewController.swift */; };
		AB4E366D29B6DC64007FCA8D /* FirstTimeViewController.swift in Sources */ = {isa = PBXBuildFile; fileRef = AB4E366C29B6DC64007FCA8D /* FirstTimeViewController.swift */; };
		AB5AADA929D29805002D4237 /* PhotoCollectionViewCell.swift in Sources */ = {isa = PBXBuildFile; fileRef = AB5AADA829D29805002D4237 /* PhotoCollectionViewCell.swift */; };
		AB69964C299AE41E0022345E /* Storage.swift in Sources */ = {isa = PBXBuildFile; fileRef = AB69964B299AE41E0022345E /* Storage.swift */; };
		AB69964E299B1AF60022345E /* AuthManager.swift in Sources */ = {isa = PBXBuildFile; fileRef = AB69964D299B1AF60022345E /* AuthManager.swift */; };
		AB699653299B1EBB0022345E /* AnalyticsManager.swift in Sources */ = {isa = PBXBuildFile; fileRef = AB699652299B1EBB0022345E /* AnalyticsManager.swift */; };
		AB699657299B33170022345E /* SearchViewController.swift in Sources */ = {isa = PBXBuildFile; fileRef = AB699656299B33170022345E /* SearchViewController.swift */; };
		AB699659299B33410022345E /* ProfileViewController.swift in Sources */ = {isa = PBXBuildFile; fileRef = AB699658299B33410022345E /* ProfileViewController.swift */; };
		AB69965F299B35B60022345E /* TabBarViewController.swift in Sources */ = {isa = PBXBuildFile; fileRef = AB69965E299B35B60022345E /* TabBarViewController.swift */; };
		AB699661299B36160022345E /* User.swift in Sources */ = {isa = PBXBuildFile; fileRef = AB699660299B36160022345E /* User.swift */; };
		AB699663299B361F0022345E /* Post.swift in Sources */ = {isa = PBXBuildFile; fileRef = AB699662299B361F0022345E /* Post.swift */; };
		AB6F72132990A6B9000A3F6C /* LoginViewController.swift in Sources */ = {isa = PBXBuildFile; fileRef = AB6F72122990A6B9000A3F6C /* LoginViewController.swift */; };
		AB70D17F298B4F71000C79D6 /* AppDelegate.swift in Sources */ = {isa = PBXBuildFile; fileRef = AB70D17E298B4F71000C79D6 /* AppDelegate.swift */; };
		AB70D181298B4F71000C79D6 /* SceneDelegate.swift in Sources */ = {isa = PBXBuildFile; fileRef = AB70D180298B4F71000C79D6 /* SceneDelegate.swift */; };
		AB70D188298B4F72000C79D6 /* Assets.xcassets in Resources */ = {isa = PBXBuildFile; fileRef = AB70D187298B4F72000C79D6 /* Assets.xcassets */; };
		AB70D193298B4F9D000C79D6 /* GoogleService-Info.plist in Resources */ = {isa = PBXBuildFile; fileRef = AB70D192298B4F9D000C79D6 /* GoogleService-Info.plist */; };
		AB70D196298B50EA000C79D6 /* FirebaseAnalytics in Frameworks */ = {isa = PBXBuildFile; productRef = AB70D195298B50EA000C79D6 /* FirebaseAnalytics */; };
		AB70D198298B50EA000C79D6 /* FirebaseAnalyticsOnDeviceConversion in Frameworks */ = {isa = PBXBuildFile; productRef = AB70D197298B50EA000C79D6 /* FirebaseAnalyticsOnDeviceConversion */; };
		AB70D19A298B50EA000C79D6 /* FirebaseAnalyticsSwift in Frameworks */ = {isa = PBXBuildFile; productRef = AB70D199298B50EA000C79D6 /* FirebaseAnalyticsSwift */; };
		AB70D19C298B50EA000C79D6 /* FirebaseAnalyticsWithoutAdIdSupport in Frameworks */ = {isa = PBXBuildFile; productRef = AB70D19B298B50EA000C79D6 /* FirebaseAnalyticsWithoutAdIdSupport */; };
		AB70D19E298B50EA000C79D6 /* FirebaseAppCheck in Frameworks */ = {isa = PBXBuildFile; productRef = AB70D19D298B50EA000C79D6 /* FirebaseAppCheck */; };
		AB70D1A0298B50EA000C79D6 /* FirebaseAppDistribution-Beta in Frameworks */ = {isa = PBXBuildFile; productRef = AB70D19F298B50EA000C79D6 /* FirebaseAppDistribution-Beta */; };
		AB70D1A2298B50EA000C79D6 /* FirebaseAuth in Frameworks */ = {isa = PBXBuildFile; productRef = AB70D1A1298B50EA000C79D6 /* FirebaseAuth */; };
		AB70D1A4298B50EA000C79D6 /* FirebaseAuthCombine-Community in Frameworks */ = {isa = PBXBuildFile; productRef = AB70D1A3298B50EA000C79D6 /* FirebaseAuthCombine-Community */; };
		AB70D1A6298B50EA000C79D6 /* FirebaseCrashlytics in Frameworks */ = {isa = PBXBuildFile; productRef = AB70D1A5298B50EA000C79D6 /* FirebaseCrashlytics */; };
		AB70D1A8298B50EA000C79D6 /* FirebaseDatabase in Frameworks */ = {isa = PBXBuildFile; productRef = AB70D1A7298B50EA000C79D6 /* FirebaseDatabase */; };
		AB70D1AA298B50EA000C79D6 /* FirebaseDatabaseSwift in Frameworks */ = {isa = PBXBuildFile; productRef = AB70D1A9298B50EA000C79D6 /* FirebaseDatabaseSwift */; };
		AB70D1AC298B50EA000C79D6 /* FirebaseDynamicLinks in Frameworks */ = {isa = PBXBuildFile; productRef = AB70D1AB298B50EA000C79D6 /* FirebaseDynamicLinks */; };
		AB70D1AE298B50EA000C79D6 /* FirebaseFirestore in Frameworks */ = {isa = PBXBuildFile; productRef = AB70D1AD298B50EA000C79D6 /* FirebaseFirestore */; };
		AB70D1B0298B50EA000C79D6 /* FirebaseFirestoreCombine-Community in Frameworks */ = {isa = PBXBuildFile; productRef = AB70D1AF298B50EA000C79D6 /* FirebaseFirestoreCombine-Community */; };
		AB70D1B2298B50EA000C79D6 /* FirebaseFirestoreSwift in Frameworks */ = {isa = PBXBuildFile; productRef = AB70D1B1298B50EA000C79D6 /* FirebaseFirestoreSwift */; settings = {ATTRIBUTES = (Required, ); }; };
		AB70D1B4298B50EA000C79D6 /* FirebaseFunctions in Frameworks */ = {isa = PBXBuildFile; productRef = AB70D1B3298B50EA000C79D6 /* FirebaseFunctions */; };
		AB70D1B6298B50EA000C79D6 /* FirebaseFunctionsCombine-Community in Frameworks */ = {isa = PBXBuildFile; productRef = AB70D1B5298B50EA000C79D6 /* FirebaseFunctionsCombine-Community */; };
		AB70D1B8298B50EA000C79D6 /* FirebaseInAppMessaging-Beta in Frameworks */ = {isa = PBXBuildFile; productRef = AB70D1B7298B50EA000C79D6 /* FirebaseInAppMessaging-Beta */; };
		AB70D1BA298B50EA000C79D6 /* FirebaseInAppMessagingSwift-Beta in Frameworks */ = {isa = PBXBuildFile; productRef = AB70D1B9298B50EA000C79D6 /* FirebaseInAppMessagingSwift-Beta */; };
		AB70D1BC298B50EA000C79D6 /* FirebaseInstallations in Frameworks */ = {isa = PBXBuildFile; productRef = AB70D1BB298B50EA000C79D6 /* FirebaseInstallations */; };
		AB70D1BE298B50EA000C79D6 /* FirebaseMLModelDownloader in Frameworks */ = {isa = PBXBuildFile; productRef = AB70D1BD298B50EA000C79D6 /* FirebaseMLModelDownloader */; };
		AB70D1C0298B50EA000C79D6 /* FirebaseMessaging in Frameworks */ = {isa = PBXBuildFile; productRef = AB70D1BF298B50EA000C79D6 /* FirebaseMessaging */; };
		AB70D1C2298B50EA000C79D6 /* FirebasePerformance in Frameworks */ = {isa = PBXBuildFile; productRef = AB70D1C1298B50EA000C79D6 /* FirebasePerformance */; };
		AB70D1C4298B50EA000C79D6 /* FirebaseRemoteConfig in Frameworks */ = {isa = PBXBuildFile; productRef = AB70D1C3298B50EA000C79D6 /* FirebaseRemoteConfig */; };
		AB70D1C6298B50EA000C79D6 /* FirebaseRemoteConfigSwift in Frameworks */ = {isa = PBXBuildFile; productRef = AB70D1C5298B50EA000C79D6 /* FirebaseRemoteConfigSwift */; };
		AB70D1C8298B50EA000C79D6 /* FirebaseStorage in Frameworks */ = {isa = PBXBuildFile; productRef = AB70D1C7298B50EA000C79D6 /* FirebaseStorage */; };
		AB70D1CA298B50EA000C79D6 /* FirebaseStorageCombine-Community in Frameworks */ = {isa = PBXBuildFile; productRef = AB70D1C9298B50EA000C79D6 /* FirebaseStorageCombine-Community */; };
		ABC64B092998A0E700C1CE35 /* HomeViewController.swift in Sources */ = {isa = PBXBuildFile; fileRef = ABC64B082998A0E700C1CE35 /* HomeViewController.swift */; };
		ABE49A93299C05ED00B23DAE /* PosterCollectionViewCell.swift in Sources */ = {isa = PBXBuildFile; fileRef = ABE49A92299C05ED00B23DAE /* PosterCollectionViewCell.swift */; };
		ABE49A95299C066400B23DAE /* PostCollectionViewCell.swift in Sources */ = {isa = PBXBuildFile; fileRef = ABE49A94299C066400B23DAE /* PostCollectionViewCell.swift */; };
		ABE49A97299C06FC00B23DAE /* PostDescriptionCollectionViewCell.swift in Sources */ = {isa = PBXBuildFile; fileRef = ABE49A96299C06FC00B23DAE /* PostDescriptionCollectionViewCell.swift */; };
		ABE49A99299C123200B23DAE /* PostRatingCollectionViewCell.swift in Sources */ = {isa = PBXBuildFile; fileRef = ABE49A98299C123200B23DAE /* PostRatingCollectionViewCell.swift */; };
		ABE49A9B299C137A00B23DAE /* HomeFeedCellType.swift in Sources */ = {isa = PBXBuildFile; fileRef = ABE49A9A299C137A00B23DAE /* HomeFeedCellType.swift */; };
		ABE49A9D299C145900B23DAE /* ThumbnailsCollectionViewCell.swift in Sources */ = {isa = PBXBuildFile; fileRef = ABE49A9C299C145900B23DAE /* ThumbnailsCollectionViewCell.swift */; };
		ABE49AA0299C6B9C00B23DAE /* PosterCollectionViewCellType.swift in Sources */ = {isa = PBXBuildFile; fileRef = ABE49A9F299C6B9C00B23DAE /* PosterCollectionViewCellType.swift */; };
		ABE49AA2299C6CE100B23DAE /* PostCollectionViewCellType.swift in Sources */ = {isa = PBXBuildFile; fileRef = ABE49AA1299C6CE100B23DAE /* PostCollectionViewCellType.swift */; };
		ABE49AA4299C6D2A00B23DAE /* PostDescriptionCollectionViewCellType.swift in Sources */ = {isa = PBXBuildFile; fileRef = ABE49AA3299C6D2A00B23DAE /* PostDescriptionCollectionViewCellType.swift */; };
		ABE49AA6299C6D6300B23DAE /* PostRatingCollectionViewCelltype.swift in Sources */ = {isa = PBXBuildFile; fileRef = ABE49AA5299C6D6300B23DAE /* PostRatingCollectionViewCelltype.swift */; };
		ABE49AA8299C6D9500B23DAE /* ThumbnailsCollectionViewCellType.swift in Sources */ = {isa = PBXBuildFile; fileRef = ABE49AA7299C6D9500B23DAE /* ThumbnailsCollectionViewCellType.swift */; };
		ABE49AAC299C765E00B23DAE /* Kingfisher in Frameworks */ = {isa = PBXBuildFile; productRef = ABE49AAB299C765E00B23DAE /* Kingfisher */; };
		ABE9112A29CB7C85006F7D9E /* SearchResultsViewController.swift in Sources */ = {isa = PBXBuildFile; fileRef = ABE9112929CB7C85006F7D9E /* SearchResultsViewController.swift */; };
		ABE9112C29CB7ED5006F7D9E /* DatabaseManager.swift in Sources */ = {isa = PBXBuildFile; fileRef = ABE9112B29CB7ED5006F7D9E /* DatabaseManager.swift */; };
		ABF64FA029B038F3007B3CCF /* RecipeViewController.swift in Sources */ = {isa = PBXBuildFile; fileRef = ABF64F9F29B038F3007B3CCF /* RecipeViewController.swift */; };
		BE164D5429AD79550018044D /* Main.storyboard in Resources */ = {isa = PBXBuildFile; fileRef = BE164D5329AD79550018044D /* Main.storyboard */; };
		BE86636829AD7F6200D6BEFA /* CustomizeAccountViewController.swift in Sources */ = {isa = PBXBuildFile; fileRef = BE86636729AD7F6200D6BEFA /* CustomizeAccountViewController.swift */; };
		BE86636A29AD801600D6BEFA /* ImagePickerDelegate.swift in Sources */ = {isa = PBXBuildFile; fileRef = BE86636929AD801600D6BEFA /* ImagePickerDelegate.swift */; };
		BE86636C29AE9F1F00D6BEFA /* AddPostViewController.swift in Sources */ = {isa = PBXBuildFile; fileRef = BE86636B29AE9F1F00D6BEFA /* AddPostViewController.swift */; };
/* End PBXBuildFile section */

/* Begin PBXFileReference section */
		0EB12F2829D2AC430093BBE8 /* LookForFriendsViewController.swift */ = {isa = PBXFileReference; lastKnownFileType = sourcecode.swift; path = LookForFriendsViewController.swift; sourceTree = "<group>"; };
		0EB12F2A29D2B3420093BBE8 /* LookForFollowersViewController.swift */ = {isa = PBXFileReference; lastKnownFileType = sourcecode.swift; path = LookForFollowersViewController.swift; sourceTree = "<group>"; };
		AB16083B299B43BD00693DB8 /* TextField.swift */ = {isa = PBXFileReference; lastKnownFileType = sourcecode.swift; path = TextField.swift; sourceTree = "<group>"; };
		AB16083D299B47E300693DB8 /* LoginHeaderView.swift */ = {isa = PBXFileReference; lastKnownFileType = sourcecode.swift; path = LoginHeaderView.swift; sourceTree = "<group>"; };
		AB16083F299B575400693DB8 /* createAccountViewController.swift */ = {isa = PBXFileReference; lastKnownFileType = sourcecode.swift; path = createAccountViewController.swift; sourceTree = "<group>"; };
		AB38B35129AC59BF007A4F45 /* Base */ = {isa = PBXFileReference; lastKnownFileType = file.storyboard; name = Base; path = Base.lproj/LaunchScreen.storyboard; sourceTree = "<group>"; };
		AB3A47A0299190A1003C1F99 /* Extensions.swift */ = {isa = PBXFileReference; lastKnownFileType = sourcecode.swift; path = Extensions.swift; sourceTree = "<group>"; };
		AB4486AB29A2C334001345E8 /* PostViewController.swift */ = {isa = PBXFileReference; lastKnownFileType = sourcecode.swift; path = PostViewController.swift; sourceTree = "<group>"; };
		AB4E366A29B6CF54007FCA8D /* SettingsViewController.swift */ = {isa = PBXFileReference; lastKnownFileType = sourcecode.swift; path = SettingsViewController.swift; sourceTree = "<group>"; };
		AB4E366C29B6DC64007FCA8D /* FirstTimeViewController.swift */ = {isa = PBXFileReference; fileEncoding = 4; lastKnownFileType = sourcecode.swift; path = FirstTimeViewController.swift; sourceTree = "<group>"; };
		AB5AADA829D29805002D4237 /* PhotoCollectionViewCell.swift */ = {isa = PBXFileReference; lastKnownFileType = sourcecode.swift; path = PhotoCollectionViewCell.swift; sourceTree = "<group>"; };
		AB69964B299AE41E0022345E /* Storage.swift */ = {isa = PBXFileReference; lastKnownFileType = sourcecode.swift; path = Storage.swift; sourceTree = "<group>"; };
		AB69964D299B1AF60022345E /* AuthManager.swift */ = {isa = PBXFileReference; lastKnownFileType = sourcecode.swift; path = AuthManager.swift; sourceTree = "<group>"; };
		AB699652299B1EBB0022345E /* AnalyticsManager.swift */ = {isa = PBXFileReference; lastKnownFileType = sourcecode.swift; path = AnalyticsManager.swift; sourceTree = "<group>"; };
		AB699656299B33170022345E /* SearchViewController.swift */ = {isa = PBXFileReference; lastKnownFileType = sourcecode.swift; path = SearchViewController.swift; sourceTree = "<group>"; };
		AB699658299B33410022345E /* ProfileViewController.swift */ = {isa = PBXFileReference; lastKnownFileType = sourcecode.swift; path = ProfileViewController.swift; sourceTree = "<group>"; };
		AB69965E299B35B60022345E /* TabBarViewController.swift */ = {isa = PBXFileReference; lastKnownFileType = sourcecode.swift; path = TabBarViewController.swift; sourceTree = "<group>"; };
		AB699660299B36160022345E /* User.swift */ = {isa = PBXFileReference; lastKnownFileType = sourcecode.swift; path = User.swift; sourceTree = "<group>"; };
		AB699662299B361F0022345E /* Post.swift */ = {isa = PBXFileReference; lastKnownFileType = sourcecode.swift; path = Post.swift; sourceTree = "<group>"; };
		AB6F72122990A6B9000A3F6C /* LoginViewController.swift */ = {isa = PBXFileReference; lastKnownFileType = sourcecode.swift; path = LoginViewController.swift; sourceTree = "<group>"; };
		AB70D17B298B4F71000C79D6 /* InnerPeas.app */ = {isa = PBXFileReference; explicitFileType = wrapper.application; includeInIndex = 0; path = InnerPeas.app; sourceTree = BUILT_PRODUCTS_DIR; };
		AB70D17E298B4F71000C79D6 /* AppDelegate.swift */ = {isa = PBXFileReference; lastKnownFileType = sourcecode.swift; path = AppDelegate.swift; sourceTree = "<group>"; };
		AB70D180298B4F71000C79D6 /* SceneDelegate.swift */ = {isa = PBXFileReference; lastKnownFileType = sourcecode.swift; path = SceneDelegate.swift; sourceTree = "<group>"; };
		AB70D187298B4F72000C79D6 /* Assets.xcassets */ = {isa = PBXFileReference; lastKnownFileType = folder.assetcatalog; path = Assets.xcassets; sourceTree = "<group>"; };
		AB70D18C298B4F72000C79D6 /* Info.plist */ = {isa = PBXFileReference; lastKnownFileType = text.plist.xml; path = Info.plist; sourceTree = "<group>"; };
		AB70D192298B4F9D000C79D6 /* GoogleService-Info.plist */ = {isa = PBXFileReference; fileEncoding = 4; lastKnownFileType = text.plist.xml; path = "GoogleService-Info.plist"; sourceTree = "<group>"; };
		ABC64B082998A0E700C1CE35 /* HomeViewController.swift */ = {isa = PBXFileReference; lastKnownFileType = sourcecode.swift; path = HomeViewController.swift; sourceTree = "<group>"; };
		ABE49A92299C05ED00B23DAE /* PosterCollectionViewCell.swift */ = {isa = PBXFileReference; lastKnownFileType = sourcecode.swift; path = PosterCollectionViewCell.swift; sourceTree = "<group>"; };
		ABE49A94299C066400B23DAE /* PostCollectionViewCell.swift */ = {isa = PBXFileReference; lastKnownFileType = sourcecode.swift; path = PostCollectionViewCell.swift; sourceTree = "<group>"; };
		ABE49A96299C06FC00B23DAE /* PostDescriptionCollectionViewCell.swift */ = {isa = PBXFileReference; lastKnownFileType = sourcecode.swift; path = PostDescriptionCollectionViewCell.swift; sourceTree = "<group>"; };
		ABE49A98299C123200B23DAE /* PostRatingCollectionViewCell.swift */ = {isa = PBXFileReference; lastKnownFileType = sourcecode.swift; path = PostRatingCollectionViewCell.swift; sourceTree = "<group>"; };
		ABE49A9A299C137A00B23DAE /* HomeFeedCellType.swift */ = {isa = PBXFileReference; lastKnownFileType = sourcecode.swift; path = HomeFeedCellType.swift; sourceTree = "<group>"; };
		ABE49A9C299C145900B23DAE /* ThumbnailsCollectionViewCell.swift */ = {isa = PBXFileReference; lastKnownFileType = sourcecode.swift; path = ThumbnailsCollectionViewCell.swift; sourceTree = "<group>"; };
		ABE49A9F299C6B9C00B23DAE /* PosterCollectionViewCellType.swift */ = {isa = PBXFileReference; lastKnownFileType = sourcecode.swift; path = PosterCollectionViewCellType.swift; sourceTree = "<group>"; };
		ABE49AA1299C6CE100B23DAE /* PostCollectionViewCellType.swift */ = {isa = PBXFileReference; lastKnownFileType = sourcecode.swift; path = PostCollectionViewCellType.swift; sourceTree = "<group>"; };
		ABE49AA3299C6D2A00B23DAE /* PostDescriptionCollectionViewCellType.swift */ = {isa = PBXFileReference; lastKnownFileType = sourcecode.swift; path = PostDescriptionCollectionViewCellType.swift; sourceTree = "<group>"; };
		ABE49AA5299C6D6300B23DAE /* PostRatingCollectionViewCelltype.swift */ = {isa = PBXFileReference; lastKnownFileType = sourcecode.swift; path = PostRatingCollectionViewCelltype.swift; sourceTree = "<group>"; };
		ABE49AA7299C6D9500B23DAE /* ThumbnailsCollectionViewCellType.swift */ = {isa = PBXFileReference; lastKnownFileType = sourcecode.swift; path = ThumbnailsCollectionViewCellType.swift; sourceTree = "<group>"; };
		ABE9112929CB7C85006F7D9E /* SearchResultsViewController.swift */ = {isa = PBXFileReference; lastKnownFileType = sourcecode.swift; path = SearchResultsViewController.swift; sourceTree = "<group>"; };
		ABE9112B29CB7ED5006F7D9E /* DatabaseManager.swift */ = {isa = PBXFileReference; lastKnownFileType = sourcecode.swift; path = DatabaseManager.swift; sourceTree = "<group>"; };
		ABF64F9F29B038F3007B3CCF /* RecipeViewController.swift */ = {isa = PBXFileReference; lastKnownFileType = sourcecode.swift; path = RecipeViewController.swift; sourceTree = "<group>"; };
		BE164D5329AD79550018044D /* Main.storyboard */ = {isa = PBXFileReference; fileEncoding = 4; lastKnownFileType = file.storyboard; path = Main.storyboard; sourceTree = "<group>"; };
		BE86636729AD7F6200D6BEFA /* CustomizeAccountViewController.swift */ = {isa = PBXFileReference; fileEncoding = 4; lastKnownFileType = sourcecode.swift; path = CustomizeAccountViewController.swift; sourceTree = "<group>"; };
		BE86636929AD801600D6BEFA /* ImagePickerDelegate.swift */ = {isa = PBXFileReference; fileEncoding = 4; lastKnownFileType = sourcecode.swift; path = ImagePickerDelegate.swift; sourceTree = "<group>"; };
		BE86636B29AE9F1F00D6BEFA /* AddPostViewController.swift */ = {isa = PBXFileReference; lastKnownFileType = sourcecode.swift; path = AddPostViewController.swift; sourceTree = "<group>"; };
/* End PBXFileReference section */

/* Begin PBXFrameworksBuildPhase section */
		AB70D178298B4F71000C79D6 /* Frameworks */ = {
			isa = PBXFrameworksBuildPhase;
			buildActionMask = 2147483647;
			files = (
				AB70D1A8298B50EA000C79D6 /* FirebaseDatabase in Frameworks */,
				AB70D1B6298B50EA000C79D6 /* FirebaseFunctionsCombine-Community in Frameworks */,
				AB70D1AE298B50EA000C79D6 /* FirebaseFirestore in Frameworks */,
				AB70D19A298B50EA000C79D6 /* FirebaseAnalyticsSwift in Frameworks */,
				AB70D196298B50EA000C79D6 /* FirebaseAnalytics in Frameworks */,
				AB70D198298B50EA000C79D6 /* FirebaseAnalyticsOnDeviceConversion in Frameworks */,
				AB70D1BE298B50EA000C79D6 /* FirebaseMLModelDownloader in Frameworks */,
				AB70D1B2298B50EA000C79D6 /* FirebaseFirestoreSwift in Frameworks */,
				AB70D19E298B50EA000C79D6 /* FirebaseAppCheck in Frameworks */,
				AB70D19C298B50EA000C79D6 /* FirebaseAnalyticsWithoutAdIdSupport in Frameworks */,
				AB70D1A2298B50EA000C79D6 /* FirebaseAuth in Frameworks */,
				AB70D1A6298B50EA000C79D6 /* FirebaseCrashlytics in Frameworks */,
				AB70D1C6298B50EA000C79D6 /* FirebaseRemoteConfigSwift in Frameworks */,
				AB70D1B8298B50EA000C79D6 /* FirebaseInAppMessaging-Beta in Frameworks */,
				AB70D1AA298B50EA000C79D6 /* FirebaseDatabaseSwift in Frameworks */,
				AB70D1B4298B50EA000C79D6 /* FirebaseFunctions in Frameworks */,
				ABE49AAC299C765E00B23DAE /* Kingfisher in Frameworks */,
				AB70D1CA298B50EA000C79D6 /* FirebaseStorageCombine-Community in Frameworks */,
				AB70D1C4298B50EA000C79D6 /* FirebaseRemoteConfig in Frameworks */,
				AB70D1A0298B50EA000C79D6 /* FirebaseAppDistribution-Beta in Frameworks */,
				AB70D1A4298B50EA000C79D6 /* FirebaseAuthCombine-Community in Frameworks */,
				AB70D1C2298B50EA000C79D6 /* FirebasePerformance in Frameworks */,
				AB70D1BA298B50EA000C79D6 /* FirebaseInAppMessagingSwift-Beta in Frameworks */,
				AB70D1C8298B50EA000C79D6 /* FirebaseStorage in Frameworks */,
				AB70D1AC298B50EA000C79D6 /* FirebaseDynamicLinks in Frameworks */,
				AB70D1B0298B50EA000C79D6 /* FirebaseFirestoreCombine-Community in Frameworks */,
				AB70D1C0298B50EA000C79D6 /* FirebaseMessaging in Frameworks */,
				AB70D1BC298B50EA000C79D6 /* FirebaseInstallations in Frameworks */,
			);
			runOnlyForDeploymentPostprocessing = 0;
		};
/* End PBXFrameworksBuildPhase section */

/* Begin PBXGroup section */
		AB4486AA29A2C303001345E8 /* Other */ = {
			isa = PBXGroup;
			children = (
				0EB12F2A29D2B3420093BBE8 /* LookForFollowersViewController.swift */,
				0EB12F2829D2AC430093BBE8 /* LookForFriendsViewController.swift */,
				AB4486AB29A2C334001345E8 /* PostViewController.swift */,
				ABF64F9F29B038F3007B3CCF /* RecipeViewController.swift */,
				AB4E366A29B6CF54007FCA8D /* SettingsViewController.swift */,
				ABE9112929CB7C85006F7D9E /* SearchResultsViewController.swift */,
			);
			path = Other;
			sourceTree = "<group>";
		};
		AB69965A299B34A60022345E /* Models */ = {
			isa = PBXGroup;
			children = (
				AB699660299B36160022345E /* User.swift */,
				AB699662299B361F0022345E /* Post.swift */,
				ABE49A9A299C137A00B23DAE /* HomeFeedCellType.swift */,
			);
			path = Models;
			sourceTree = "<group>";
		};
		AB69965D299B353F0022345E /* Tabs */ = {
			isa = PBXGroup;
			children = (
				AB69965E299B35B60022345E /* TabBarViewController.swift */,
				BE86636B29AE9F1F00D6BEFA /* AddPostViewController.swift */,
				ABC64B082998A0E700C1CE35 /* HomeViewController.swift */,
				AB699656299B33170022345E /* SearchViewController.swift */,
				AB699658299B33410022345E /* ProfileViewController.swift */,
			);
			path = Tabs;
			sourceTree = "<group>";
		};
		AB70D172298B4F71000C79D6 = {
			isa = PBXGroup;
			children = (
				AB70D17D298B4F71000C79D6 /* InnerPeas */,
				AB70D17C298B4F71000C79D6 /* Products */,
				ABE49AA9299C744600B23DAE /* Frameworks */,
			);
			sourceTree = "<group>";
		};
		AB70D17C298B4F71000C79D6 /* Products */ = {
			isa = PBXGroup;
			children = (
				AB70D17B298B4F71000C79D6 /* InnerPeas.app */,
			);
			name = Products;
			sourceTree = "<group>";
		};
		AB70D17D298B4F71000C79D6 /* InnerPeas */ = {
			isa = PBXGroup;
			children = (
				AB69965A299B34A60022345E /* Models */,
				ABC64B072998A02B00C1CE35 /* Resources */,
				ABC64B062998A00600C1CE35 /* Views */,
				ABC64B0529989F6900C1CE35 /* Controllers */,
				AB70D18C298B4F72000C79D6 /* Info.plist */,
			);
			path = InnerPeas;
			sourceTree = "<group>";
		};
		ABC64B0529989F6900C1CE35 /* Controllers */ = {
			isa = PBXGroup;
			children = (
				AB4486AA29A2C303001345E8 /* Other */,
				AB69965D299B353F0022345E /* Tabs */,
				ABC64B0A2998A19C00C1CE35 /* Onboarding */,
			);
			path = Controllers;
			sourceTree = "<group>";
		};
		ABC64B062998A00600C1CE35 /* Views */ = {
			isa = PBXGroup;
			children = (
				ABE49A9E299C6B7400B23DAE /* Home Cells */,
				AB38B35229AC59BF007A4F45 /* LaunchScreen.storyboard */,
				AB16083B299B43BD00693DB8 /* TextField.swift */,
				BE164D5329AD79550018044D /* Main.storyboard */,
				AB16083D299B47E300693DB8 /* LoginHeaderView.swift */,
				ABE49A92299C05ED00B23DAE /* PosterCollectionViewCell.swift */,
				ABE49A94299C066400B23DAE /* PostCollectionViewCell.swift */,
				ABE49A96299C06FC00B23DAE /* PostDescriptionCollectionViewCell.swift */,
				ABE49A98299C123200B23DAE /* PostRatingCollectionViewCell.swift */,
				ABE49A9C299C145900B23DAE /* ThumbnailsCollectionViewCell.swift */,
				AB5AADA829D29805002D4237 /* PhotoCollectionViewCell.swift */,
			);
			path = Views;
			sourceTree = "<group>";
		};
		ABC64B072998A02B00C1CE35 /* Resources */ = {
			isa = PBXGroup;
			children = (
				AB70D192298B4F9D000C79D6 /* GoogleService-Info.plist */,
				AB70D187298B4F72000C79D6 /* Assets.xcassets */,
				AB3A47A0299190A1003C1F99 /* Extensions.swift */,
				AB70D180298B4F71000C79D6 /* SceneDelegate.swift */,
				AB70D17E298B4F71000C79D6 /* AppDelegate.swift */,
				AB69964B299AE41E0022345E /* Storage.swift */,
				AB69964D299B1AF60022345E /* AuthManager.swift */,
				AB699652299B1EBB0022345E /* AnalyticsManager.swift */,
				ABE9112B29CB7ED5006F7D9E /* DatabaseManager.swift */,
			);
			path = Resources;
			sourceTree = "<group>";
		};
		ABC64B0A2998A19C00C1CE35 /* Onboarding */ = {
			isa = PBXGroup;
			children = (
				AB4E366C29B6DC64007FCA8D /* FirstTimeViewController.swift */,
				AB6F72122990A6B9000A3F6C /* LoginViewController.swift */,
				BE86636729AD7F6200D6BEFA /* CustomizeAccountViewController.swift */,
				BE86636929AD801600D6BEFA /* ImagePickerDelegate.swift */,
				AB16083F299B575400693DB8 /* createAccountViewController.swift */,
			);
			path = Onboarding;
			sourceTree = "<group>";
		};
		ABE49A9E299C6B7400B23DAE /* Home Cells */ = {
			isa = PBXGroup;
			children = (
				ABE49A9F299C6B9C00B23DAE /* PosterCollectionViewCellType.swift */,
				ABE49AA1299C6CE100B23DAE /* PostCollectionViewCellType.swift */,
				ABE49AA3299C6D2A00B23DAE /* PostDescriptionCollectionViewCellType.swift */,
				ABE49AA5299C6D6300B23DAE /* PostRatingCollectionViewCelltype.swift */,
				ABE49AA7299C6D9500B23DAE /* ThumbnailsCollectionViewCellType.swift */,
			);
			path = "Home Cells";
			sourceTree = "<group>";
		};
		ABE49AA9299C744600B23DAE /* Frameworks */ = {
			isa = PBXGroup;
			children = (
			);
			name = Frameworks;
			sourceTree = "<group>";
		};
/* End PBXGroup section */

/* Begin PBXNativeTarget section */
		AB70D17A298B4F71000C79D6 /* InnerPeas */ = {
			isa = PBXNativeTarget;
			buildConfigurationList = AB70D18F298B4F72000C79D6 /* Build configuration list for PBXNativeTarget "InnerPeas" */;
			buildPhases = (
				AB70D177298B4F71000C79D6 /* Sources */,
				AB70D178298B4F71000C79D6 /* Frameworks */,
				AB70D179298B4F71000C79D6 /* Resources */,
			);
			buildRules = (
			);
			dependencies = (
			);
			name = InnerPeas;
			packageProductDependencies = (
				AB70D195298B50EA000C79D6 /* FirebaseAnalytics */,
				AB70D197298B50EA000C79D6 /* FirebaseAnalyticsOnDeviceConversion */,
				AB70D199298B50EA000C79D6 /* FirebaseAnalyticsSwift */,
				AB70D19B298B50EA000C79D6 /* FirebaseAnalyticsWithoutAdIdSupport */,
				AB70D19D298B50EA000C79D6 /* FirebaseAppCheck */,
				AB70D19F298B50EA000C79D6 /* FirebaseAppDistribution-Beta */,
				AB70D1A1298B50EA000C79D6 /* FirebaseAuth */,
				AB70D1A3298B50EA000C79D6 /* FirebaseAuthCombine-Community */,
				AB70D1A5298B50EA000C79D6 /* FirebaseCrashlytics */,
				AB70D1A7298B50EA000C79D6 /* FirebaseDatabase */,
				AB70D1A9298B50EA000C79D6 /* FirebaseDatabaseSwift */,
				AB70D1AB298B50EA000C79D6 /* FirebaseDynamicLinks */,
				AB70D1AD298B50EA000C79D6 /* FirebaseFirestore */,
				AB70D1AF298B50EA000C79D6 /* FirebaseFirestoreCombine-Community */,
				AB70D1B1298B50EA000C79D6 /* FirebaseFirestoreSwift */,
				AB70D1B3298B50EA000C79D6 /* FirebaseFunctions */,
				AB70D1B5298B50EA000C79D6 /* FirebaseFunctionsCombine-Community */,
				AB70D1B7298B50EA000C79D6 /* FirebaseInAppMessaging-Beta */,
				AB70D1B9298B50EA000C79D6 /* FirebaseInAppMessagingSwift-Beta */,
				AB70D1BB298B50EA000C79D6 /* FirebaseInstallations */,
				AB70D1BD298B50EA000C79D6 /* FirebaseMLModelDownloader */,
				AB70D1BF298B50EA000C79D6 /* FirebaseMessaging */,
				AB70D1C1298B50EA000C79D6 /* FirebasePerformance */,
				AB70D1C3298B50EA000C79D6 /* FirebaseRemoteConfig */,
				AB70D1C5298B50EA000C79D6 /* FirebaseRemoteConfigSwift */,
				AB70D1C7298B50EA000C79D6 /* FirebaseStorage */,
				AB70D1C9298B50EA000C79D6 /* FirebaseStorageCombine-Community */,
				ABE49AAB299C765E00B23DAE /* Kingfisher */,
			);
			productName = InnerPeas;
			productReference = AB70D17B298B4F71000C79D6 /* InnerPeas.app */;
			productType = "com.apple.product-type.application";
		};
/* End PBXNativeTarget section */

/* Begin PBXProject section */
		AB70D173298B4F71000C79D6 /* Project object */ = {
			isa = PBXProject;
			attributes = {
				BuildIndependentTargetsInParallel = 1;
				LastSwiftUpdateCheck = 1400;
				LastUpgradeCheck = 1400;
				TargetAttributes = {
					AB70D17A298B4F71000C79D6 = {
						CreatedOnToolsVersion = 14.0.1;
					};
				};
			};
			buildConfigurationList = AB70D176298B4F71000C79D6 /* Build configuration list for PBXProject "InnerPeas" */;
			compatibilityVersion = "Xcode 14.0";
			developmentRegion = en;
			hasScannedForEncodings = 0;
			knownRegions = (
				en,
				Base,
			);
			mainGroup = AB70D172298B4F71000C79D6;
			packageReferences = (
				AB70D194298B50EA000C79D6 /* XCRemoteSwiftPackageReference "firebase-ios-sdk" */,
				ABE49AAA299C765E00B23DAE /* XCRemoteSwiftPackageReference "Kingfisher" */,
			);
			productRefGroup = AB70D17C298B4F71000C79D6 /* Products */;
			projectDirPath = "";
			projectRoot = "";
			targets = (
				AB70D17A298B4F71000C79D6 /* InnerPeas */,
			);
		};
/* End PBXProject section */

/* Begin PBXResourcesBuildPhase section */
		AB70D179298B4F71000C79D6 /* Resources */ = {
			isa = PBXResourcesBuildPhase;
			buildActionMask = 2147483647;
			files = (
				AB70D193298B4F9D000C79D6 /* GoogleService-Info.plist in Resources */,
				AB38B35029AC59BF007A4F45 /* LaunchScreen.storyboard in Resources */,
				AB70D188298B4F72000C79D6 /* Assets.xcassets in Resources */,
				BE164D5429AD79550018044D /* Main.storyboard in Resources */,
			);
			runOnlyForDeploymentPostprocessing = 0;
		};
/* End PBXResourcesBuildPhase section */

/* Begin PBXSourcesBuildPhase section */
		AB70D177298B4F71000C79D6 /* Sources */ = {
			isa = PBXSourcesBuildPhase;
			buildActionMask = 2147483647;
			files = (
				ABE49AA8299C6D9500B23DAE /* ThumbnailsCollectionViewCellType.swift in Sources */,
				AB699661299B36160022345E /* User.swift in Sources */,
				AB4E366B29B6CF54007FCA8D /* SettingsViewController.swift in Sources */,
				AB69964E299B1AF60022345E /* AuthManager.swift in Sources */,
				AB160840299B575400693DB8 /* createAccountViewController.swift in Sources */,
				AB6F72132990A6B9000A3F6C /* LoginViewController.swift in Sources */,
				AB16083C299B43BD00693DB8 /* TextField.swift in Sources */,
				BE86636829AD7F6200D6BEFA /* CustomizeAccountViewController.swift in Sources */,
				ABE9112C29CB7ED5006F7D9E /* DatabaseManager.swift in Sources */,
				AB69964C299AE41E0022345E /* Storage.swift in Sources */,
				AB699663299B361F0022345E /* Post.swift in Sources */,
				ABE49A97299C06FC00B23DAE /* PostDescriptionCollectionViewCell.swift in Sources */,
				BE86636C29AE9F1F00D6BEFA /* AddPostViewController.swift in Sources */,
				0EB12F2B29D2B3420093BBE8 /* LookForFollowersViewController.swift in Sources */,
				ABE49AA0299C6B9C00B23DAE /* PosterCollectionViewCellType.swift in Sources */,
				AB16083E299B47E300693DB8 /* LoginHeaderView.swift in Sources */,
				ABE49A95299C066400B23DAE /* PostCollectionViewCell.swift in Sources */,
				AB69965F299B35B60022345E /* TabBarViewController.swift in Sources */,
				AB699659299B33410022345E /* ProfileViewController.swift in Sources */,
				AB699653299B1EBB0022345E /* AnalyticsManager.swift in Sources */,
				ABE49A9D299C145900B23DAE /* ThumbnailsCollectionViewCell.swift in Sources */,
				ABE9112A29CB7C85006F7D9E /* SearchResultsViewController.swift in Sources */,
				AB4486AC29A2C334001345E8 /* PostViewController.swift in Sources */,
				AB4E366D29B6DC64007FCA8D /* FirstTimeViewController.swift in Sources */,
				ABE49AA6299C6D6300B23DAE /* PostRatingCollectionViewCelltype.swift in Sources */,
				AB70D17F298B4F71000C79D6 /* AppDelegate.swift in Sources */,
				ABE49AA4299C6D2A00B23DAE /* PostDescriptionCollectionViewCellType.swift in Sources */,
				AB699657299B33170022345E /* SearchViewController.swift in Sources */,
				AB3A47A1299190A1003C1F99 /* Extensions.swift in Sources */,
				AB5AADA929D29805002D4237 /* PhotoCollectionViewCell.swift in Sources */,
				ABE49A9B299C137A00B23DAE /* HomeFeedCellType.swift in Sources */,
				ABF64FA029B038F3007B3CCF /* RecipeViewController.swift in Sources */,
				BE86636A29AD801600D6BEFA /* ImagePickerDelegate.swift in Sources */,
				ABE49A93299C05ED00B23DAE /* PosterCollectionViewCell.swift in Sources */,
				ABE49AA2299C6CE100B23DAE /* PostCollectionViewCellType.swift in Sources */,
				0EB12F2929D2AC430093BBE8 /* LookForFriendsViewController.swift in Sources */,
				ABC64B092998A0E700C1CE35 /* HomeViewController.swift in Sources */,
				AB70D181298B4F71000C79D6 /* SceneDelegate.swift in Sources */,
				ABE49A99299C123200B23DAE /* PostRatingCollectionViewCell.swift in Sources */,
			);
			runOnlyForDeploymentPostprocessing = 0;
		};
/* End PBXSourcesBuildPhase section */

/* Begin PBXVariantGroup section */
		AB38B35229AC59BF007A4F45 /* LaunchScreen.storyboard */ = {
			isa = PBXVariantGroup;
			children = (
				AB38B35129AC59BF007A4F45 /* Base */,
			);
			name = LaunchScreen.storyboard;
			sourceTree = "<group>";
		};
/* End PBXVariantGroup section */

/* Begin XCBuildConfiguration section */
		AB70D18D298B4F72000C79D6 /* Debug */ = {
			isa = XCBuildConfiguration;
			buildSettings = {
				ALWAYS_SEARCH_USER_PATHS = NO;
				CLANG_ANALYZER_NONNULL = YES;
				CLANG_ANALYZER_NUMBER_OBJECT_CONVERSION = YES_AGGRESSIVE;
				CLANG_CXX_LANGUAGE_STANDARD = "gnu++20";
				CLANG_ENABLE_MODULES = YES;
				CLANG_ENABLE_OBJC_ARC = YES;
				CLANG_ENABLE_OBJC_WEAK = YES;
				CLANG_WARN_BLOCK_CAPTURE_AUTORELEASING = YES;
				CLANG_WARN_BOOL_CONVERSION = YES;
				CLANG_WARN_COMMA = YES;
				CLANG_WARN_CONSTANT_CONVERSION = YES;
				CLANG_WARN_DEPRECATED_OBJC_IMPLEMENTATIONS = YES;
				CLANG_WARN_DIRECT_OBJC_ISA_USAGE = YES_ERROR;
				CLANG_WARN_DOCUMENTATION_COMMENTS = YES;
				CLANG_WARN_EMPTY_BODY = YES;
				CLANG_WARN_ENUM_CONVERSION = YES;
				CLANG_WARN_INFINITE_RECURSION = YES;
				CLANG_WARN_INT_CONVERSION = YES;
				CLANG_WARN_NON_LITERAL_NULL_CONVERSION = YES;
				CLANG_WARN_OBJC_IMPLICIT_RETAIN_SELF = YES;
				CLANG_WARN_OBJC_LITERAL_CONVERSION = YES;
				CLANG_WARN_OBJC_ROOT_CLASS = YES_ERROR;
				CLANG_WARN_QUOTED_INCLUDE_IN_FRAMEWORK_HEADER = YES;
				CLANG_WARN_RANGE_LOOP_ANALYSIS = YES;
				CLANG_WARN_STRICT_PROTOTYPES = YES;
				CLANG_WARN_SUSPICIOUS_MOVE = YES;
				CLANG_WARN_UNGUARDED_AVAILABILITY = YES_AGGRESSIVE;
				CLANG_WARN_UNREACHABLE_CODE = YES;
				CLANG_WARN__DUPLICATE_METHOD_MATCH = YES;
				COPY_PHASE_STRIP = NO;
				DEBUG_INFORMATION_FORMAT = dwarf;
				ENABLE_STRICT_OBJC_MSGSEND = YES;
				ENABLE_TESTABILITY = YES;
				GCC_C_LANGUAGE_STANDARD = gnu11;
				GCC_DYNAMIC_NO_PIC = NO;
				GCC_NO_COMMON_BLOCKS = YES;
				GCC_OPTIMIZATION_LEVEL = 0;
				GCC_PREPROCESSOR_DEFINITIONS = (
					"DEBUG=1",
					"$(inherited)",
				);
				GCC_WARN_64_TO_32_BIT_CONVERSION = YES;
				GCC_WARN_ABOUT_RETURN_TYPE = YES_ERROR;
				GCC_WARN_UNDECLARED_SELECTOR = YES;
				GCC_WARN_UNINITIALIZED_AUTOS = YES_AGGRESSIVE;
				GCC_WARN_UNUSED_FUNCTION = YES;
				GCC_WARN_UNUSED_VARIABLE = YES;
				IPHONEOS_DEPLOYMENT_TARGET = 14.0;
				MTL_ENABLE_DEBUG_INFO = INCLUDE_SOURCE;
				MTL_FAST_MATH = YES;
				ONLY_ACTIVE_ARCH = YES;
				SDKROOT = iphoneos;
				SWIFT_ACTIVE_COMPILATION_CONDITIONS = DEBUG;
				SWIFT_OPTIMIZATION_LEVEL = "-Onone";
			};
			name = Debug;
		};
		AB70D18E298B4F72000C79D6 /* Release */ = {
			isa = XCBuildConfiguration;
			buildSettings = {
				ALWAYS_SEARCH_USER_PATHS = NO;
				CLANG_ANALYZER_NONNULL = YES;
				CLANG_ANALYZER_NUMBER_OBJECT_CONVERSION = YES_AGGRESSIVE;
				CLANG_CXX_LANGUAGE_STANDARD = "gnu++20";
				CLANG_ENABLE_MODULES = YES;
				CLANG_ENABLE_OBJC_ARC = YES;
				CLANG_ENABLE_OBJC_WEAK = YES;
				CLANG_WARN_BLOCK_CAPTURE_AUTORELEASING = YES;
				CLANG_WARN_BOOL_CONVERSION = YES;
				CLANG_WARN_COMMA = YES;
				CLANG_WARN_CONSTANT_CONVERSION = YES;
				CLANG_WARN_DEPRECATED_OBJC_IMPLEMENTATIONS = YES;
				CLANG_WARN_DIRECT_OBJC_ISA_USAGE = YES_ERROR;
				CLANG_WARN_DOCUMENTATION_COMMENTS = YES;
				CLANG_WARN_EMPTY_BODY = YES;
				CLANG_WARN_ENUM_CONVERSION = YES;
				CLANG_WARN_INFINITE_RECURSION = YES;
				CLANG_WARN_INT_CONVERSION = YES;
				CLANG_WARN_NON_LITERAL_NULL_CONVERSION = YES;
				CLANG_WARN_OBJC_IMPLICIT_RETAIN_SELF = YES;
				CLANG_WARN_OBJC_LITERAL_CONVERSION = YES;
				CLANG_WARN_OBJC_ROOT_CLASS = YES_ERROR;
				CLANG_WARN_QUOTED_INCLUDE_IN_FRAMEWORK_HEADER = YES;
				CLANG_WARN_RANGE_LOOP_ANALYSIS = YES;
				CLANG_WARN_STRICT_PROTOTYPES = YES;
				CLANG_WARN_SUSPICIOUS_MOVE = YES;
				CLANG_WARN_UNGUARDED_AVAILABILITY = YES_AGGRESSIVE;
				CLANG_WARN_UNREACHABLE_CODE = YES;
				CLANG_WARN__DUPLICATE_METHOD_MATCH = YES;
				COPY_PHASE_STRIP = NO;
				DEBUG_INFORMATION_FORMAT = "dwarf-with-dsym";
				ENABLE_NS_ASSERTIONS = NO;
				ENABLE_STRICT_OBJC_MSGSEND = YES;
				GCC_C_LANGUAGE_STANDARD = gnu11;
				GCC_NO_COMMON_BLOCKS = YES;
				GCC_WARN_64_TO_32_BIT_CONVERSION = YES;
				GCC_WARN_ABOUT_RETURN_TYPE = YES_ERROR;
				GCC_WARN_UNDECLARED_SELECTOR = YES;
				GCC_WARN_UNINITIALIZED_AUTOS = YES_AGGRESSIVE;
				GCC_WARN_UNUSED_FUNCTION = YES;
				GCC_WARN_UNUSED_VARIABLE = YES;
				IPHONEOS_DEPLOYMENT_TARGET = 14.0;
				MTL_ENABLE_DEBUG_INFO = NO;
				MTL_FAST_MATH = YES;
				SDKROOT = iphoneos;
				SWIFT_COMPILATION_MODE = wholemodule;
				SWIFT_OPTIMIZATION_LEVEL = "-O";
				VALIDATE_PRODUCT = YES;
			};
			name = Release;
		};
		AB70D190298B4F72000C79D6 /* Debug */ = {
			isa = XCBuildConfiguration;
			buildSettings = {
				ASSETCATALOG_COMPILER_APPICON_NAME = AppIcon;
				ASSETCATALOG_COMPILER_GLOBAL_ACCENT_COLOR_NAME = AccentColor;
				CODE_SIGN_STYLE = Automatic;
				CURRENT_PROJECT_VERSION = 1;
				DEVELOPMENT_TEAM = 7F6HC3VSY6;
				GENERATE_INFOPLIST_FILE = YES;
				INFOPLIST_FILE = InnerPeas/Info.plist;
				INFOPLIST_KEY_CFBundleDisplayName = InnerPeas;
				INFOPLIST_KEY_UIApplicationSupportsIndirectInputEvents = YES;
				INFOPLIST_KEY_UILaunchStoryboardName = LaunchScreen;
				INFOPLIST_KEY_UISupportedInterfaceOrientations = UIInterfaceOrientationPortrait;
				IPHONEOS_DEPLOYMENT_TARGET = 15.0;
				LD_RUNPATH_SEARCH_PATHS = (
					"$(inherited)",
					"@executable_path/Frameworks",
				);
				MARKETING_VERSION = 1.0;
				PRODUCT_BUNDLE_IDENTIFIER = WorldWideFoodies.InnerPeas;
				PRODUCT_NAME = "$(TARGET_NAME)";
				SUPPORTED_PLATFORMS = "iphoneos iphonesimulator";
				SUPPORTS_MACCATALYST = NO;
				SUPPORTS_MAC_DESIGNED_FOR_IPHONE_IPAD = NO;
				SWIFT_EMIT_LOC_STRINGS = YES;
				SWIFT_VERSION = 5.0;
				TARGETED_DEVICE_FAMILY = 1;
			};
			name = Debug;
		};
		AB70D191298B4F72000C79D6 /* Release */ = {
			isa = XCBuildConfiguration;
			buildSettings = {
				ASSETCATALOG_COMPILER_APPICON_NAME = AppIcon;
				ASSETCATALOG_COMPILER_GLOBAL_ACCENT_COLOR_NAME = AccentColor;
				CODE_SIGN_STYLE = Automatic;
				CURRENT_PROJECT_VERSION = 1;
				DEVELOPMENT_TEAM = 7F6HC3VSY6;
				GENERATE_INFOPLIST_FILE = YES;
				INFOPLIST_FILE = InnerPeas/Info.plist;
				INFOPLIST_KEY_CFBundleDisplayName = InnerPeas;
				INFOPLIST_KEY_UIApplicationSupportsIndirectInputEvents = YES;
				INFOPLIST_KEY_UILaunchStoryboardName = LaunchScreen;
				INFOPLIST_KEY_UISupportedInterfaceOrientations = UIInterfaceOrientationPortrait;
				IPHONEOS_DEPLOYMENT_TARGET = 15.0;
				LD_RUNPATH_SEARCH_PATHS = (
					"$(inherited)",
					"@executable_path/Frameworks",
				);
				MARKETING_VERSION = 1.0;
				PRODUCT_BUNDLE_IDENTIFIER = WorldWideFoodies.InnerPeas;
				PRODUCT_NAME = "$(TARGET_NAME)";
				SUPPORTED_PLATFORMS = "iphoneos iphonesimulator";
				SUPPORTS_MACCATALYST = NO;
				SUPPORTS_MAC_DESIGNED_FOR_IPHONE_IPAD = NO;
				SWIFT_EMIT_LOC_STRINGS = YES;
				SWIFT_VERSION = 5.0;
				TARGETED_DEVICE_FAMILY = 1;
			};
			name = Release;
		};
/* End XCBuildConfiguration section */

/* Begin XCConfigurationList section */
		AB70D176298B4F71000C79D6 /* Build configuration list for PBXProject "InnerPeas" */ = {
			isa = XCConfigurationList;
			buildConfigurations = (
				AB70D18D298B4F72000C79D6 /* Debug */,
				AB70D18E298B4F72000C79D6 /* Release */,
			);
			defaultConfigurationIsVisible = 0;
			defaultConfigurationName = Release;
		};
		AB70D18F298B4F72000C79D6 /* Build configuration list for PBXNativeTarget "InnerPeas" */ = {
			isa = XCConfigurationList;
			buildConfigurations = (
				AB70D190298B4F72000C79D6 /* Debug */,
				AB70D191298B4F72000C79D6 /* Release */,
			);
			defaultConfigurationIsVisible = 0;
			defaultConfigurationName = Release;
		};
/* End XCConfigurationList section */

/* Begin XCRemoteSwiftPackageReference section */
		AB70D194298B50EA000C79D6 /* XCRemoteSwiftPackageReference "firebase-ios-sdk" */ = {
			isa = XCRemoteSwiftPackageReference;
			repositoryURL = "https://github.com/firebase/firebase-ios-sdk.git";
			requirement = {
				kind = upToNextMajorVersion;
				minimumVersion = 9.0.0;
			};
		};
		ABE49AAA299C765E00B23DAE /* XCRemoteSwiftPackageReference "Kingfisher" */ = {
			isa = XCRemoteSwiftPackageReference;
			repositoryURL = "https://github.com/onevcat/Kingfisher.git";
			requirement = {
				kind = upToNextMajorVersion;
				minimumVersion = 7.0.0;
			};
		};
/* End XCRemoteSwiftPackageReference section */

/* Begin XCSwiftPackageProductDependency section */
		AB70D195298B50EA000C79D6 /* FirebaseAnalytics */ = {
			isa = XCSwiftPackageProductDependency;
			package = AB70D194298B50EA000C79D6 /* XCRemoteSwiftPackageReference "firebase-ios-sdk" */;
			productName = FirebaseAnalytics;
		};
		AB70D197298B50EA000C79D6 /* FirebaseAnalyticsOnDeviceConversion */ = {
			isa = XCSwiftPackageProductDependency;
			package = AB70D194298B50EA000C79D6 /* XCRemoteSwiftPackageReference "firebase-ios-sdk" */;
			productName = FirebaseAnalyticsOnDeviceConversion;
		};
		AB70D199298B50EA000C79D6 /* FirebaseAnalyticsSwift */ = {
			isa = XCSwiftPackageProductDependency;
			package = AB70D194298B50EA000C79D6 /* XCRemoteSwiftPackageReference "firebase-ios-sdk" */;
			productName = FirebaseAnalyticsSwift;
		};
		AB70D19B298B50EA000C79D6 /* FirebaseAnalyticsWithoutAdIdSupport */ = {
			isa = XCSwiftPackageProductDependency;
			package = AB70D194298B50EA000C79D6 /* XCRemoteSwiftPackageReference "firebase-ios-sdk" */;
			productName = FirebaseAnalyticsWithoutAdIdSupport;
		};
		AB70D19D298B50EA000C79D6 /* FirebaseAppCheck */ = {
			isa = XCSwiftPackageProductDependency;
			package = AB70D194298B50EA000C79D6 /* XCRemoteSwiftPackageReference "firebase-ios-sdk" */;
			productName = FirebaseAppCheck;
		};
		AB70D19F298B50EA000C79D6 /* FirebaseAppDistribution-Beta */ = {
			isa = XCSwiftPackageProductDependency;
			package = AB70D194298B50EA000C79D6 /* XCRemoteSwiftPackageReference "firebase-ios-sdk" */;
			productName = "FirebaseAppDistribution-Beta";
		};
		AB70D1A1298B50EA000C79D6 /* FirebaseAuth */ = {
			isa = XCSwiftPackageProductDependency;
			package = AB70D194298B50EA000C79D6 /* XCRemoteSwiftPackageReference "firebase-ios-sdk" */;
			productName = FirebaseAuth;
		};
		AB70D1A3298B50EA000C79D6 /* FirebaseAuthCombine-Community */ = {
			isa = XCSwiftPackageProductDependency;
			package = AB70D194298B50EA000C79D6 /* XCRemoteSwiftPackageReference "firebase-ios-sdk" */;
			productName = "FirebaseAuthCombine-Community";
		};
		AB70D1A5298B50EA000C79D6 /* FirebaseCrashlytics */ = {
			isa = XCSwiftPackageProductDependency;
			package = AB70D194298B50EA000C79D6 /* XCRemoteSwiftPackageReference "firebase-ios-sdk" */;
			productName = FirebaseCrashlytics;
		};
		AB70D1A7298B50EA000C79D6 /* FirebaseDatabase */ = {
			isa = XCSwiftPackageProductDependency;
			package = AB70D194298B50EA000C79D6 /* XCRemoteSwiftPackageReference "firebase-ios-sdk" */;
			productName = FirebaseDatabase;
		};
		AB70D1A9298B50EA000C79D6 /* FirebaseDatabaseSwift */ = {
			isa = XCSwiftPackageProductDependency;
			package = AB70D194298B50EA000C79D6 /* XCRemoteSwiftPackageReference "firebase-ios-sdk" */;
			productName = FirebaseDatabaseSwift;
		};
		AB70D1AB298B50EA000C79D6 /* FirebaseDynamicLinks */ = {
			isa = XCSwiftPackageProductDependency;
			package = AB70D194298B50EA000C79D6 /* XCRemoteSwiftPackageReference "firebase-ios-sdk" */;
			productName = FirebaseDynamicLinks;
		};
		AB70D1AD298B50EA000C79D6 /* FirebaseFirestore */ = {
			isa = XCSwiftPackageProductDependency;
			package = AB70D194298B50EA000C79D6 /* XCRemoteSwiftPackageReference "firebase-ios-sdk" */;
			productName = FirebaseFirestore;
		};
		AB70D1AF298B50EA000C79D6 /* FirebaseFirestoreCombine-Community */ = {
			isa = XCSwiftPackageProductDependency;
			package = AB70D194298B50EA000C79D6 /* XCRemoteSwiftPackageReference "firebase-ios-sdk" */;
			productName = "FirebaseFirestoreCombine-Community";
		};
		AB70D1B1298B50EA000C79D6 /* FirebaseFirestoreSwift */ = {
			isa = XCSwiftPackageProductDependency;
			package = AB70D194298B50EA000C79D6 /* XCRemoteSwiftPackageReference "firebase-ios-sdk" */;
			productName = FirebaseFirestoreSwift;
		};
		AB70D1B3298B50EA000C79D6 /* FirebaseFunctions */ = {
			isa = XCSwiftPackageProductDependency;
			package = AB70D194298B50EA000C79D6 /* XCRemoteSwiftPackageReference "firebase-ios-sdk" */;
			productName = FirebaseFunctions;
		};
		AB70D1B5298B50EA000C79D6 /* FirebaseFunctionsCombine-Community */ = {
			isa = XCSwiftPackageProductDependency;
			package = AB70D194298B50EA000C79D6 /* XCRemoteSwiftPackageReference "firebase-ios-sdk" */;
			productName = "FirebaseFunctionsCombine-Community";
		};
		AB70D1B7298B50EA000C79D6 /* FirebaseInAppMessaging-Beta */ = {
			isa = XCSwiftPackageProductDependency;
			package = AB70D194298B50EA000C79D6 /* XCRemoteSwiftPackageReference "firebase-ios-sdk" */;
			productName = "FirebaseInAppMessaging-Beta";
		};
		AB70D1B9298B50EA000C79D6 /* FirebaseInAppMessagingSwift-Beta */ = {
			isa = XCSwiftPackageProductDependency;
			package = AB70D194298B50EA000C79D6 /* XCRemoteSwiftPackageReference "firebase-ios-sdk" */;
			productName = "FirebaseInAppMessagingSwift-Beta";
		};
		AB70D1BB298B50EA000C79D6 /* FirebaseInstallations */ = {
			isa = XCSwiftPackageProductDependency;
			package = AB70D194298B50EA000C79D6 /* XCRemoteSwiftPackageReference "firebase-ios-sdk" */;
			productName = FirebaseInstallations;
		};
		AB70D1BD298B50EA000C79D6 /* FirebaseMLModelDownloader */ = {
			isa = XCSwiftPackageProductDependency;
			package = AB70D194298B50EA000C79D6 /* XCRemoteSwiftPackageReference "firebase-ios-sdk" */;
			productName = FirebaseMLModelDownloader;
		};
		AB70D1BF298B50EA000C79D6 /* FirebaseMessaging */ = {
			isa = XCSwiftPackageProductDependency;
			package = AB70D194298B50EA000C79D6 /* XCRemoteSwiftPackageReference "firebase-ios-sdk" */;
			productName = FirebaseMessaging;
		};
		AB70D1C1298B50EA000C79D6 /* FirebasePerformance */ = {
			isa = XCSwiftPackageProductDependency;
			package = AB70D194298B50EA000C79D6 /* XCRemoteSwiftPackageReference "firebase-ios-sdk" */;
			productName = FirebasePerformance;
		};
		AB70D1C3298B50EA000C79D6 /* FirebaseRemoteConfig */ = {
			isa = XCSwiftPackageProductDependency;
			package = AB70D194298B50EA000C79D6 /* XCRemoteSwiftPackageReference "firebase-ios-sdk" */;
			productName = FirebaseRemoteConfig;
		};
		AB70D1C5298B50EA000C79D6 /* FirebaseRemoteConfigSwift */ = {
			isa = XCSwiftPackageProductDependency;
			package = AB70D194298B50EA000C79D6 /* XCRemoteSwiftPackageReference "firebase-ios-sdk" */;
			productName = FirebaseRemoteConfigSwift;
		};
		AB70D1C7298B50EA000C79D6 /* FirebaseStorage */ = {
			isa = XCSwiftPackageProductDependency;
			package = AB70D194298B50EA000C79D6 /* XCRemoteSwiftPackageReference "firebase-ios-sdk" */;
			productName = FirebaseStorage;
		};
		AB70D1C9298B50EA000C79D6 /* FirebaseStorageCombine-Community */ = {
			isa = XCSwiftPackageProductDependency;
			package = AB70D194298B50EA000C79D6 /* XCRemoteSwiftPackageReference "firebase-ios-sdk" */;
			productName = "FirebaseStorageCombine-Community";
		};
		ABE49AAB299C765E00B23DAE /* Kingfisher */ = {
			isa = XCSwiftPackageProductDependency;
			package = ABE49AAA299C765E00B23DAE /* XCRemoteSwiftPackageReference "Kingfisher" */;
			productName = Kingfisher;
		};
/* End XCSwiftPackageProductDependency section */
	};
	rootObject = AB70D173298B4F71000C79D6 /* Project object */;
}
