// !$*UTF8*$!
{
	archiveVersion = 1;
	classes = {
	};
	objectVersion = 56;
	objects = {

/* Begin PBXBuildFile section */
		AB3A47A1299190A1003C1F99 /* passwordExtension.swift in Sources */ = {isa = PBXBuildFile; fileRef = AB3A47A0299190A1003C1F99 /* passwordExtension.swift */; };
		AB6F72132990A6B9000A3F6C /* LoginViewController.swift in Sources */ = {isa = PBXBuildFile; fileRef = AB6F72122990A6B9000A3F6C /* LoginViewController.swift */; };
		AB6F72152990AF98000A3F6C /* createAccountViewController.swift in Sources */ = {isa = PBXBuildFile; fileRef = AB6F72142990AF98000A3F6C /* createAccountViewController.swift */; };
		AB70D17F298B4F71000C79D6 /* AppDelegate.swift in Sources */ = {isa = PBXBuildFile; fileRef = AB70D17E298B4F71000C79D6 /* AppDelegate.swift */; };
		AB70D181298B4F71000C79D6 /* SceneDelegate.swift in Sources */ = {isa = PBXBuildFile; fileRef = AB70D180298B4F71000C79D6 /* SceneDelegate.swift */; };
		AB70D183298B4F71000C79D6 /* ViewController.swift in Sources */ = {isa = PBXBuildFile; fileRef = AB70D182298B4F71000C79D6 /* ViewController.swift */; };
		AB70D186298B4F71000C79D6 /* Main.storyboard in Resources */ = {isa = PBXBuildFile; fileRef = AB70D184298B4F71000C79D6 /* Main.storyboard */; };
		AB70D188298B4F72000C79D6 /* Assets.xcassets in Resources */ = {isa = PBXBuildFile; fileRef = AB70D187298B4F72000C79D6 /* Assets.xcassets */; };
		AB70D18B298B4F72000C79D6 /* LaunchScreen.storyboard in Resources */ = {isa = PBXBuildFile; fileRef = AB70D189298B4F72000C79D6 /* LaunchScreen.storyboard */; };
		AB70D193298B4F9D000C79D6 /* GoogleService-Info.plist in Resources */ = {isa = PBXBuildFile; fileRef = AB70D192298B4F9D000C79D6 /* GoogleService-Info.plist */; };
		AB70D196298B50EA000C79D6 /* FirebaseAnalytics in Frameworks */ = {isa = PBXBuildFile; productRef = AB70D195298B50EA000C79D6 /* FirebaseAnalytics */; };
		AB70D198298B50EA000C79D6 /* FirebaseAnalyticsOnDeviceConversion in Frameworks */ = {isa = PBXBuildFile; productRef = AB70D197298B50EA000C79D6 /* FirebaseAnalyticsOnDeviceConversion */; };
		AB70D19A298B50EA000C79D6 /* FirebaseAnalyticsSwift in Frameworks */ = {isa = PBXBuildFile; productRef = AB70D199298B50EA000C79D6 /* FirebaseAnalyticsSwift */; };
		AB70D19C298B50EA000C79D6 /* FirebaseAnalyticsWithoutAdIdSupport in Frameworks */ = {isa = PBXBuildFile; productRef = AB70D19B298B50EA000C79D6 /* FirebaseAnalyticsWithoutAdIdSupport */; };
		AB70D19E298B50EA000C79D6 /* FirebaseAppCheck in Frameworks */ = {isa = PBXBuildFile; productRef = AB70D19D298B50EA000C79D6 /* FirebaseAppCheck */; };
		AB70D1A0298B50EA000C79D6 /* FirebaseAppDistribution-Beta in Frameworks */ = {isa = PBXBuildFile; productRef = AB70D19F298B50EA000C79D6 /* FirebaseAppDistribution-Beta */; };
		AB70D1A2298B50EA000C79D6 /* FirebaseAuth in Frameworks */ = {isa = PBXBuildFile; productRef = AB70D1A1298B50EA000C79D6 /* FirebaseAuth */; };
		AB70D1A4298B50EA000C79D6 /* FirebaseAuthCombine-Community in Frameworks */ = {isa = PBXBuildFile; productRef = AB70D1A3298B50EA000C79D6 /* FirebaseAuthCombine-Community */; };
		AB70D1A6298B50EA000C79D6 /* FirebaseCrashlytics in Frameworks */ = {isa = PBXBuildFile; productRef = AB70D1A5298B50EA000C79D6 /* FirebaseCrashlytics */; };
		AB70D1A8298B50EA000C79D6 /* FirebaseDatabase in Frameworks */ = {isa = PBXBuildFile; productRef = AB70D1A7298B50EA000C79D6 /* FirebaseDatabase */; };
		AB70D1AA298B50EA000C79D6 /* FirebaseDatabaseSwift in Frameworks */ = {isa = PBXBuildFile; productRef = AB70D1A9298B50EA000C79D6 /* FirebaseDatabaseSwift */; };
		AB70D1AC298B50EA000C79D6 /* FirebaseDynamicLinks in Frameworks */ = {isa = PBXBuildFile; productRef = AB70D1AB298B50EA000C79D6 /* FirebaseDynamicLinks */; };
		AB70D1AE298B50EA000C79D6 /* FirebaseFirestore in Frameworks */ = {isa = PBXBuildFile; productRef = AB70D1AD298B50EA000C79D6 /* FirebaseFirestore */; };
		AB70D1B0298B50EA000C79D6 /* FirebaseFirestoreCombine-Community in Frameworks */ = {isa = PBXBuildFile; productRef = AB70D1AF298B50EA000C79D6 /* FirebaseFirestoreCombine-Community */; };
		AB70D1B2298B50EA000C79D6 /* FirebaseFirestoreSwift in Frameworks */ = {isa = PBXBuildFile; productRef = AB70D1B1298B50EA000C79D6 /* FirebaseFirestoreSwift */; };
		AB70D1B4298B50EA000C79D6 /* FirebaseFunctions in Frameworks */ = {isa = PBXBuildFile; productRef = AB70D1B3298B50EA000C79D6 /* FirebaseFunctions */; };
		AB70D1B6298B50EA000C79D6 /* FirebaseFunctionsCombine-Community in Frameworks */ = {isa = PBXBuildFile; productRef = AB70D1B5298B50EA000C79D6 /* FirebaseFunctionsCombine-Community */; };
		AB70D1B8298B50EA000C79D6 /* FirebaseInAppMessaging-Beta in Frameworks */ = {isa = PBXBuildFile; productRef = AB70D1B7298B50EA000C79D6 /* FirebaseInAppMessaging-Beta */; };
		AB70D1BA298B50EA000C79D6 /* FirebaseInAppMessagingSwift-Beta in Frameworks */ = {isa = PBXBuildFile; productRef = AB70D1B9298B50EA000C79D6 /* FirebaseInAppMessagingSwift-Beta */; };
		AB70D1BC298B50EA000C79D6 /* FirebaseInstallations in Frameworks */ = {isa = PBXBuildFile; productRef = AB70D1BB298B50EA000C79D6 /* FirebaseInstallations */; };
		AB70D1BE298B50EA000C79D6 /* FirebaseMLModelDownloader in Frameworks */ = {isa = PBXBuildFile; productRef = AB70D1BD298B50EA000C79D6 /* FirebaseMLModelDownloader */; };
		AB70D1C0298B50EA000C79D6 /* FirebaseMessaging in Frameworks */ = {isa = PBXBuildFile; productRef = AB70D1BF298B50EA000C79D6 /* FirebaseMessaging */; };
		AB70D1C2298B50EA000C79D6 /* FirebasePerformance in Frameworks */ = {isa = PBXBuildFile; productRef = AB70D1C1298B50EA000C79D6 /* FirebasePerformance */; };
		AB70D1C4298B50EA000C79D6 /* FirebaseRemoteConfig in Frameworks */ = {isa = PBXBuildFile; productRef = AB70D1C3298B50EA000C79D6 /* FirebaseRemoteConfig */; };
		AB70D1C6298B50EA000C79D6 /* FirebaseRemoteConfigSwift in Frameworks */ = {isa = PBXBuildFile; productRef = AB70D1C5298B50EA000C79D6 /* FirebaseRemoteConfigSwift */; };
		AB70D1C8298B50EA000C79D6 /* FirebaseStorage in Frameworks */ = {isa = PBXBuildFile; productRef = AB70D1C7298B50EA000C79D6 /* FirebaseStorage */; };
		AB70D1CA298B50EA000C79D6 /* FirebaseStorageCombine-Community in Frameworks */ = {isa = PBXBuildFile; productRef = AB70D1C9298B50EA000C79D6 /* FirebaseStorageCombine-Community */; };
		BE5664B9299AB7E400721EDA /* generic.png in Resources */ = {isa = PBXBuildFile; fileRef = BE5664B8299AB7E400721EDA /* generic.png */; };
		BEEF7B97299A819600B8B109 /* CustomizeAccountViewController.swift in Sources */ = {isa = PBXBuildFile; fileRef = BEEF7B96299A819600B8B109 /* CustomizeAccountViewController.swift */; };
/* End PBXBuildFile section */

/* Begin PBXFileReference section */
		AB3A47A0299190A1003C1F99 /* passwordExtension.swift */ = {isa = PBXFileReference; lastKnownFileType = sourcecode.swift; path = passwordExtension.swift; sourceTree = "<group>"; };
		AB6F72122990A6B9000A3F6C /* LoginViewController.swift */ = {isa = PBXFileReference; lastKnownFileType = sourcecode.swift; path = LoginViewController.swift; sourceTree = "<group>"; };
		AB6F72142990AF98000A3F6C /* createAccountViewController.swift */ = {isa = PBXFileReference; lastKnownFileType = sourcecode.swift; path = createAccountViewController.swift; sourceTree = "<group>"; };
		AB70D17B298B4F71000C79D6 /* InnerPeas.app */ = {isa = PBXFileReference; explicitFileType = wrapper.application; includeInIndex = 0; path = InnerPeas.app; sourceTree = BUILT_PRODUCTS_DIR; };
		AB70D17E298B4F71000C79D6 /* AppDelegate.swift */ = {isa = PBXFileReference; lastKnownFileType = sourcecode.swift; path = AppDelegate.swift; sourceTree = "<group>"; };
		AB70D180298B4F71000C79D6 /* SceneDelegate.swift */ = {isa = PBXFileReference; lastKnownFileType = sourcecode.swift; path = SceneDelegate.swift; sourceTree = "<group>"; };
		AB70D182298B4F71000C79D6 /* ViewController.swift */ = {isa = PBXFileReference; lastKnownFileType = sourcecode.swift; path = ViewController.swift; sourceTree = "<group>"; };
		AB70D185298B4F71000C79D6 /* Base */ = {isa = PBXFileReference; lastKnownFileType = file.storyboard; name = Base; path = Base.lproj/Main.storyboard; sourceTree = "<group>"; };
		AB70D187298B4F72000C79D6 /* Assets.xcassets */ = {isa = PBXFileReference; lastKnownFileType = folder.assetcatalog; path = Assets.xcassets; sourceTree = "<group>"; };
		AB70D18A298B4F72000C79D6 /* Base */ = {isa = PBXFileReference; lastKnownFileType = file.storyboard; name = Base; path = Base.lproj/LaunchScreen.storyboard; sourceTree = "<group>"; };
		AB70D18C298B4F72000C79D6 /* Info.plist */ = {isa = PBXFileReference; lastKnownFileType = text.plist.xml; path = Info.plist; sourceTree = "<group>"; };
		AB70D192298B4F9D000C79D6 /* GoogleService-Info.plist */ = {isa = PBXFileReference; fileEncoding = 4; lastKnownFileType = text.plist.xml; path = "GoogleService-Info.plist"; sourceTree = "<group>"; };
		BE5664B8299AB7E400721EDA /* generic.png */ = {isa = PBXFileReference; lastKnownFileType = image.png; name = generic.png; path = ../../generic.png; sourceTree = "<group>"; };
		BEEF7B96299A819600B8B109 /* CustomizeAccountViewController.swift */ = {isa = PBXFileReference; lastKnownFileType = sourcecode.swift; path = CustomizeAccountViewController.swift; sourceTree = "<group>"; };
/* End PBXFileReference section */

/* Begin PBXFrameworksBuildPhase section */
		AB70D178298B4F71000C79D6 /* Frameworks */ = {
			isa = PBXFrameworksBuildPhase;
			buildActionMask = 2147483647;
			files = (
				AB70D1A8298B50EA000C79D6 /* FirebaseDatabase in Frameworks */,
				AB70D1B6298B50EA000C79D6 /* FirebaseFunctionsCombine-Community in Frameworks */,
				AB70D1AE298B50EA000C79D6 /* FirebaseFirestore in Frameworks */,
				AB70D19A298B50EA000C79D6 /* FirebaseAnalyticsSwift in Frameworks */,
				AB70D196298B50EA000C79D6 /* FirebaseAnalytics in Frameworks */,
				AB70D198298B50EA000C79D6 /* FirebaseAnalyticsOnDeviceConversion in Frameworks */,
				AB70D1BE298B50EA000C79D6 /* FirebaseMLModelDownloader in Frameworks */,
				AB70D1B2298B50EA000C79D6 /* FirebaseFirestoreSwift in Frameworks */,
				AB70D19E298B50EA000C79D6 /* FirebaseAppCheck in Frameworks */,
				AB70D19C298B50EA000C79D6 /* FirebaseAnalyticsWithoutAdIdSupport in Frameworks */,
				AB70D1A2298B50EA000C79D6 /* FirebaseAuth in Frameworks */,
				AB70D1A6298B50EA000C79D6 /* FirebaseCrashlytics in Frameworks */,
				AB70D1C6298B50EA000C79D6 /* FirebaseRemoteConfigSwift in Frameworks */,
				AB70D1B8298B50EA000C79D6 /* FirebaseInAppMessaging-Beta in Frameworks */,
				AB70D1AA298B50EA000C79D6 /* FirebaseDatabaseSwift in Frameworks */,
				AB70D1B4298B50EA000C79D6 /* FirebaseFunctions in Frameworks */,
				AB70D1CA298B50EA000C79D6 /* FirebaseStorageCombine-Community in Frameworks */,
				AB70D1C4298B50EA000C79D6 /* FirebaseRemoteConfig in Frameworks */,
				AB70D1A0298B50EA000C79D6 /* FirebaseAppDistribution-Beta in Frameworks */,
				AB70D1A4298B50EA000C79D6 /* FirebaseAuthCombine-Community in Frameworks */,
				AB70D1C2298B50EA000C79D6 /* FirebasePerformance in Frameworks */,
				AB70D1BA298B50EA000C79D6 /* FirebaseInAppMessagingSwift-Beta in Frameworks */,
				AB70D1C8298B50EA000C79D6 /* FirebaseStorage in Frameworks */,
				AB70D1AC298B50EA000C79D6 /* FirebaseDynamicLinks in Frameworks */,
				AB70D1B0298B50EA000C79D6 /* FirebaseFirestoreCombine-Community in Frameworks */,
				AB70D1C0298B50EA000C79D6 /* FirebaseMessaging in Frameworks */,
				AB70D1BC298B50EA000C79D6 /* FirebaseInstallations in Frameworks */,
			);
			runOnlyForDeploymentPostprocessing = 0;
		};
/* End PBXFrameworksBuildPhase section */

/* Begin PBXGroup section */
		AB70D172298B4F71000C79D6 = {
			isa = PBXGroup;
			children = (
				AB70D17D298B4F71000C79D6 /* InnerPeas */,
				AB70D17C298B4F71000C79D6 /* Products */,
			);
			sourceTree = "<group>";
		};
		AB70D17C298B4F71000C79D6 /* Products */ = {
			isa = PBXGroup;
			children = (
				AB70D17B298B4F71000C79D6 /* InnerPeas.app */,
			);
			name = Products;
			sourceTree = "<group>";
		};
		AB70D17D298B4F71000C79D6 /* InnerPeas */ = {
			isa = PBXGroup;
			children = (
				AB70D17E298B4F71000C79D6 /* AppDelegate.swift */,
				AB70D180298B4F71000C79D6 /* SceneDelegate.swift */,
				AB70D182298B4F71000C79D6 /* ViewController.swift */,
				AB70D192298B4F9D000C79D6 /* GoogleService-Info.plist */,
				AB70D184298B4F71000C79D6 /* Main.storyboard */,
				BEEF7B96299A819600B8B109 /* CustomizeAccountViewController.swift */,
				BE5664B8299AB7E400721EDA /* generic.png */,
				AB6F72142990AF98000A3F6C /* createAccountViewController.swift */,
				AB6F72122990A6B9000A3F6C /* LoginViewController.swift */,
				AB70D187298B4F72000C79D6 /* Assets.xcassets */,
				AB70D189298B4F72000C79D6 /* LaunchScreen.storyboard */,
				AB70D18C298B4F72000C79D6 /* Info.plist */,
				AB3A47A0299190A1003C1F99 /* passwordExtension.swift */,
			);
			path = InnerPeas;
			sourceTree = "<group>";
		};
/* End PBXGroup section */

/* Begin PBXNativeTarget section */
		AB70D17A298B4F71000C79D6 /* InnerPeas */ = {
			isa = PBXNativeTarget;
			buildConfigurationList = AB70D18F298B4F72000C79D6 /* Build configuration list for PBXNativeTarget "InnerPeas" */;
			buildPhases = (
				AB70D177298B4F71000C79D6 /* Sources */,
				AB70D178298B4F71000C79D6 /* Frameworks */,
				AB70D179298B4F71000C79D6 /* Resources */,
			);
			buildRules = (
			);
			dependencies = (
			);
			name = InnerPeas;
			packageProductDependencies = (
				AB70D195298B50EA000C79D6 /* FirebaseAnalytics */,
				AB70D197298B50EA000C79D6 /* FirebaseAnalyticsOnDeviceConversion */,
				AB70D199298B50EA000C79D6 /* FirebaseAnalyticsSwift */,
				AB70D19B298B50EA000C79D6 /* FirebaseAnalyticsWithoutAdIdSupport */,
				AB70D19D298B50EA000C79D6 /* FirebaseAppCheck */,
				AB70D19F298B50EA000C79D6 /* FirebaseAppDistribution-Beta */,
				AB70D1A1298B50EA000C79D6 /* FirebaseAuth */,
				AB70D1A3298B50EA000C79D6 /* FirebaseAuthCombine-Community */,
				AB70D1A5298B50EA000C79D6 /* FirebaseCrashlytics */,
				AB70D1A7298B50EA000C79D6 /* FirebaseDatabase */,
				AB70D1A9298B50EA000C79D6 /* FirebaseDatabaseSwift */,
				AB70D1AB298B50EA000C79D6 /* FirebaseDynamicLinks */,
				AB70D1AD298B50EA000C79D6 /* FirebaseFirestore */,
				AB70D1AF298B50EA000C79D6 /* FirebaseFirestoreCombine-Community */,
				AB70D1B1298B50EA000C79D6 /* FirebaseFirestoreSwift */,
				AB70D1B3298B50EA000C79D6 /* FirebaseFunctions */,
				AB70D1B5298B50EA000C79D6 /* FirebaseFunctionsCombine-Community */,
				AB70D1B7298B50EA000C79D6 /* FirebaseInAppMessaging-Beta */,
				AB70D1B9298B50EA000C79D6 /* FirebaseInAppMessagingSwift-Beta */,
				AB70D1BB298B50EA000C79D6 /* FirebaseInstallations */,
				AB70D1BD298B50EA000C79D6 /* FirebaseMLModelDownloader */,
				AB70D1BF298B50EA000C79D6 /* FirebaseMessaging */,
				AB70D1C1298B50EA000C79D6 /* FirebasePerformance */,
				AB70D1C3298B50EA000C79D6 /* FirebaseRemoteConfig */,
				AB70D1C5298B50EA000C79D6 /* FirebaseRemoteConfigSwift */,
				AB70D1C7298B50EA000C79D6 /* FirebaseStorage */,
				AB70D1C9298B50EA000C79D6 /* FirebaseStorageCombine-Community */,
			);
			productName = InnerPeas;
			productReference = AB70D17B298B4F71000C79D6 /* InnerPeas.app */;
			productType = "com.apple.product-type.application";
		};
/* End PBXNativeTarget section */

/* Begin PBXProject section */
		AB70D173298B4F71000C79D6 /* Project object */ = {
			isa = PBXProject;
			attributes = {
				BuildIndependentTargetsInParallel = 1;
				LastSwiftUpdateCheck = 1400;
				LastUpgradeCheck = 1400;
				TargetAttributes = {
					AB70D17A298B4F71000C79D6 = {
						CreatedOnToolsVersion = 14.0.1;
					};
				};
			};
			buildConfigurationList = AB70D176298B4F71000C79D6 /* Build configuration list for PBXProject "InnerPeas" */;
			compatibilityVersion = "Xcode 14.0";
			developmentRegion = en;
			hasScannedForEncodings = 0;
			knownRegions = (
				en,
				Base,
			);
			mainGroup = AB70D172298B4F71000C79D6;
			packageReferences = (
				AB70D194298B50EA000C79D6 /* XCRemoteSwiftPackageReference "firebase-ios-sdk" */,
			);
			productRefGroup = AB70D17C298B4F71000C79D6 /* Products */;
			projectDirPath = "";
			projectRoot = "";
			targets = (
				AB70D17A298B4F71000C79D6 /* InnerPeas */,
			);
		};
/* End PBXProject section */

/* Begin PBXResourcesBuildPhase section */
		AB70D179298B4F71000C79D6 /* Resources */ = {
			isa = PBXResourcesBuildPhase;
			buildActionMask = 2147483647;
			files = (
				AB70D18B298B4F72000C79D6 /* LaunchScreen.storyboard in Resources */,
				AB70D193298B4F9D000C79D6 /* GoogleService-Info.plist in Resources */,
				AB70D188298B4F72000C79D6 /* Assets.xcassets in Resources */,
				AB70D186298B4F71000C79D6 /* Main.storyboard in Resources */,
				BE5664B9299AB7E400721EDA /* generic.png in Resources */,
			);
			runOnlyForDeploymentPostprocessing = 0;
		};
/* End PBXResourcesBuildPhase section */

/* Begin PBXSourcesBuildPhase section */
		AB70D177298B4F71000C79D6 /* Sources */ = {
			isa = PBXSourcesBuildPhase;
			buildActionMask = 2147483647;
			files = (
				AB6F72132990A6B9000A3F6C /* LoginViewController.swift in Sources */,
				AB6F72152990AF98000A3F6C /* createAccountViewController.swift in Sources */,
				AB70D183298B4F71000C79D6 /* ViewController.swift in Sources */,
				AB70D17F298B4F71000C79D6 /* AppDelegate.swift in Sources */,
				AB3A47A1299190A1003C1F99 /* passwordExtension.swift in Sources */,
				AB70D181298B4F71000C79D6 /* SceneDelegate.swift in Sources */,
				BEEF7B97299A819600B8B109 /* CustomizeAccountViewController.swift in Sources */,
			);
			runOnlyForDeploymentPostprocessing = 0;
		};
/* End PBXSourcesBuildPhase section */

/* Begin PBXVariantGroup section */
		AB70D184298B4F71000C79D6 /* Main.storyboard */ = {
			isa = PBXVariantGroup;
			children = (
				AB70D185298B4F71000C79D6 /* Base */,
			);
			name = Main.storyboard;
			sourceTree = "<group>";
		};
		AB70D189298B4F72000C79D6 /* LaunchScreen.storyboard */ = {
			isa = PBXVariantGroup;
			children = (
				AB70D18A298B4F72000C79D6 /* Base */,
			);
			name = LaunchScreen.storyboard;
			sourceTree = "<group>";
		};
/* End PBXVariantGroup section */

/* Begin XCBuildConfiguration section */
		AB70D18D298B4F72000C79D6 /* Debug */ = {
			isa = XCBuildConfiguration;
			buildSettings = {
				ALWAYS_SEARCH_USER_PATHS = NO;
				CLANG_ANALYZER_NONNULL = YES;
				CLANG_ANALYZER_NUMBER_OBJECT_CONVERSION = YES_AGGRESSIVE;
				CLANG_CXX_LANGUAGE_STANDARD = "gnu++20";
				CLANG_ENABLE_MODULES = YES;
				CLANG_ENABLE_OBJC_ARC = YES;
				CLANG_ENABLE_OBJC_WEAK = YES;
				CLANG_WARN_BLOCK_CAPTURE_AUTORELEASING = YES;
				CLANG_WARN_BOOL_CONVERSION = YES;
				CLANG_WARN_COMMA = YES;
				CLANG_WARN_CONSTANT_CONVERSION = YES;
				CLANG_WARN_DEPRECATED_OBJC_IMPLEMENTATIONS = YES;
				CLANG_WARN_DIRECT_OBJC_ISA_USAGE = YES_ERROR;
				CLANG_WARN_DOCUMENTATION_COMMENTS = YES;
				CLANG_WARN_EMPTY_BODY = YES;
				CLANG_WARN_ENUM_CONVERSION = YES;
				CLANG_WARN_INFINITE_RECURSION = YES;
				CLANG_WARN_INT_CONVERSION = YES;
				CLANG_WARN_NON_LITERAL_NULL_CONVERSION = YES;
				CLANG_WARN_OBJC_IMPLICIT_RETAIN_SELF = YES;
				CLANG_WARN_OBJC_LITERAL_CONVERSION = YES;
				CLANG_WARN_OBJC_ROOT_CLASS = YES_ERROR;
				CLANG_WARN_QUOTED_INCLUDE_IN_FRAMEWORK_HEADER = YES;
				CLANG_WARN_RANGE_LOOP_ANALYSIS = YES;
				CLANG_WARN_STRICT_PROTOTYPES = YES;
				CLANG_WARN_SUSPICIOUS_MOVE = YES;
				CLANG_WARN_UNGUARDED_AVAILABILITY = YES_AGGRESSIVE;
				CLANG_WARN_UNREACHABLE_CODE = YES;
				CLANG_WARN__DUPLICATE_METHOD_MATCH = YES;
				COPY_PHASE_STRIP = NO;
				DEBUG_INFORMATION_FORMAT = dwarf;
				ENABLE_STRICT_OBJC_MSGSEND = YES;
				ENABLE_TESTABILITY = YES;
				GCC_C_LANGUAGE_STANDARD = gnu11;
				GCC_DYNAMIC_NO_PIC = NO;
				GCC_NO_COMMON_BLOCKS = YES;
				GCC_OPTIMIZATION_LEVEL = 0;
				GCC_PREPROCESSOR_DEFINITIONS = (
					"DEBUG=1",
					"$(inherited)",
				);
				GCC_WARN_64_TO_32_BIT_CONVERSION = YES;
				GCC_WARN_ABOUT_RETURN_TYPE = YES_ERROR;
				GCC_WARN_UNDECLARED_SELECTOR = YES;
				GCC_WARN_UNINITIALIZED_AUTOS = YES_AGGRESSIVE;
				GCC_WARN_UNUSED_FUNCTION = YES;
				GCC_WARN_UNUSED_VARIABLE = YES;
				IPHONEOS_DEPLOYMENT_TARGET = 16.0;
				MTL_ENABLE_DEBUG_INFO = INCLUDE_SOURCE;
				MTL_FAST_MATH = YES;
				ONLY_ACTIVE_ARCH = YES;
				SDKROOT = iphoneos;
				SWIFT_ACTIVE_COMPILATION_CONDITIONS = DEBUG;
				SWIFT_OPTIMIZATION_LEVEL = "-Onone";
			};
			name = Debug;
		};
		AB70D18E298B4F72000C79D6 /* Release */ = {
			isa = XCBuildConfiguration;
			buildSettings = {
				ALWAYS_SEARCH_USER_PATHS = NO;
				CLANG_ANALYZER_NONNULL = YES;
				CLANG_ANALYZER_NUMBER_OBJECT_CONVERSION = YES_AGGRESSIVE;
				CLANG_CXX_LANGUAGE_STANDARD = "gnu++20";
				CLANG_ENABLE_MODULES = YES;
				CLANG_ENABLE_OBJC_ARC = YES;
				CLANG_ENABLE_OBJC_WEAK = YES;
				CLANG_WARN_BLOCK_CAPTURE_AUTORELEASING = YES;
				CLANG_WARN_BOOL_CONVERSION = YES;
				CLANG_WARN_COMMA = YES;
				CLANG_WARN_CONSTANT_CONVERSION = YES;
				CLANG_WARN_DEPRECATED_OBJC_IMPLEMENTATIONS = YES;
				CLANG_WARN_DIRECT_OBJC_ISA_USAGE = YES_ERROR;
				CLANG_WARN_DOCUMENTATION_COMMENTS = YES;
				CLANG_WARN_EMPTY_BODY = YES;
				CLANG_WARN_ENUM_CONVERSION = YES;
				CLANG_WARN_INFINITE_RECURSION = YES;
				CLANG_WARN_INT_CONVERSION = YES;
				CLANG_WARN_NON_LITERAL_NULL_CONVERSION = YES;
				CLANG_WARN_OBJC_IMPLICIT_RETAIN_SELF = YES;
				CLANG_WARN_OBJC_LITERAL_CONVERSION = YES;
				CLANG_WARN_OBJC_ROOT_CLASS = YES_ERROR;
				CLANG_WARN_QUOTED_INCLUDE_IN_FRAMEWORK_HEADER = YES;
				CLANG_WARN_RANGE_LOOP_ANALYSIS = YES;
				CLANG_WARN_STRICT_PROTOTYPES = YES;
				CLANG_WARN_SUSPICIOUS_MOVE = YES;
				CLANG_WARN_UNGUARDED_AVAILABILITY = YES_AGGRESSIVE;
				CLANG_WARN_UNREACHABLE_CODE = YES;
				CLANG_WARN__DUPLICATE_METHOD_MATCH = YES;
				COPY_PHASE_STRIP = NO;
				DEBUG_INFORMATION_FORMAT = "dwarf-with-dsym";
				ENABLE_NS_ASSERTIONS = NO;
				ENABLE_STRICT_OBJC_MSGSEND = YES;
				GCC_C_LANGUAGE_STANDARD = gnu11;
				GCC_NO_COMMON_BLOCKS = YES;
				GCC_WARN_64_TO_32_BIT_CONVERSION = YES;
				GCC_WARN_ABOUT_RETURN_TYPE = YES_ERROR;
				GCC_WARN_UNDECLARED_SELECTOR = YES;
				GCC_WARN_UNINITIALIZED_AUTOS = YES_AGGRESSIVE;
				GCC_WARN_UNUSED_FUNCTION = YES;
				GCC_WARN_UNUSED_VARIABLE = YES;
				IPHONEOS_DEPLOYMENT_TARGET = 16.0;
				MTL_ENABLE_DEBUG_INFO = NO;
				MTL_FAST_MATH = YES;
				SDKROOT = iphoneos;
				SWIFT_COMPILATION_MODE = wholemodule;
				SWIFT_OPTIMIZATION_LEVEL = "-O";
				VALIDATE_PRODUCT = YES;
			};
			name = Release;
		};
		AB70D190298B4F72000C79D6 /* Debug */ = {
			isa = XCBuildConfiguration;
			buildSettings = {
				ASSETCATALOG_COMPILER_APPICON_NAME = AppIcon;
				ASSETCATALOG_COMPILER_GLOBAL_ACCENT_COLOR_NAME = AccentColor;
				CODE_SIGN_STYLE = Automatic;
				CURRENT_PROJECT_VERSION = 1;
				GENERATE_INFOPLIST_FILE = YES;
				INFOPLIST_FILE = InnerPeas/Info.plist;
				INFOPLIST_KEY_UIApplicationSupportsIndirectInputEvents = YES;
				INFOPLIST_KEY_UILaunchStoryboardName = LaunchScreen;
				INFOPLIST_KEY_UIMainStoryboardFile = Main;
				INFOPLIST_KEY_UISupportedInterfaceOrientations_iPad = "UIInterfaceOrientationPortrait UIInterfaceOrientationPortraitUpsideDown UIInterfaceOrientationLandscapeLeft UIInterfaceOrientationLandscapeRight";
				INFOPLIST_KEY_UISupportedInterfaceOrientations_iPhone = "UIInterfaceOrientationPortrait UIInterfaceOrientationLandscapeLeft UIInterfaceOrientationLandscapeRight";
				LD_RUNPATH_SEARCH_PATHS = (
					"$(inherited)",
					"@executable_path/Frameworks",
				);
				MARKETING_VERSION = 1.0;
				PRODUCT_BUNDLE_IDENTIFIER = WorldWideFoodies.InnerPeas;
				PRODUCT_NAME = "$(TARGET_NAME)";
				SWIFT_EMIT_LOC_STRINGS = YES;
				SWIFT_VERSION = 5.0;
				TARGETED_DEVICE_FAMILY = "1,2";
			};
			name = Debug;
		};
		AB70D191298B4F72000C79D6 /* Release */ = {
			isa = XCBuildConfiguration;
			buildSettings = {
				ASSETCATALOG_COMPILER_APPICON_NAME = AppIcon;
				ASSETCATALOG_COMPILER_GLOBAL_ACCENT_COLOR_NAME = AccentColor;
				CODE_SIGN_STYLE = Automatic;
				CURRENT_PROJECT_VERSION = 1;
				GENERATE_INFOPLIST_FILE = YES;
				INFOPLIST_FILE = InnerPeas/Info.plist;
				INFOPLIST_KEY_UIApplicationSupportsIndirectInputEvents = YES;
				INFOPLIST_KEY_UILaunchStoryboardName = LaunchScreen;
				INFOPLIST_KEY_UIMainStoryboardFile = Main;
				INFOPLIST_KEY_UISupportedInterfaceOrientations_iPad = "UIInterfaceOrientationPortrait UIInterfaceOrientationPortraitUpsideDown UIInterfaceOrientationLandscapeLeft UIInterfaceOrientationLandscapeRight";
				INFOPLIST_KEY_UISupportedInterfaceOrientations_iPhone = "UIInterfaceOrientationPortrait UIInterfaceOrientationLandscapeLeft UIInterfaceOrientationLandscapeRight";
				LD_RUNPATH_SEARCH_PATHS = (
					"$(inherited)",
					"@executable_path/Frameworks",
				);
				MARKETING_VERSION = 1.0;
				PRODUCT_BUNDLE_IDENTIFIER = WorldWideFoodies.InnerPeas;
				PRODUCT_NAME = "$(TARGET_NAME)";
				SWIFT_EMIT_LOC_STRINGS = YES;
				SWIFT_VERSION = 5.0;
				TARGETED_DEVICE_FAMILY = "1,2";
			};
			name = Release;
		};
/* End XCBuildConfiguration section */

/* Begin XCConfigurationList section */
		AB70D176298B4F71000C79D6 /* Build configuration list for PBXProject "InnerPeas" */ = {
			isa = XCConfigurationList;
			buildConfigurations = (
				AB70D18D298B4F72000C79D6 /* Debug */,
				AB70D18E298B4F72000C79D6 /* Release */,
			);
			defaultConfigurationIsVisible = 0;
			defaultConfigurationName = Release;
		};
		AB70D18F298B4F72000C79D6 /* Build configuration list for PBXNativeTarget "InnerPeas" */ = {
			isa = XCConfigurationList;
			buildConfigurations = (
				AB70D190298B4F72000C79D6 /* Debug */,
				AB70D191298B4F72000C79D6 /* Release */,
			);
			defaultConfigurationIsVisible = 0;
			defaultConfigurationName = Release;
		};
/* End XCConfigurationList section */

/* Begin XCRemoteSwiftPackageReference section */
		AB70D194298B50EA000C79D6 /* XCRemoteSwiftPackageReference "firebase-ios-sdk" */ = {
			isa = XCRemoteSwiftPackageReference;
			repositoryURL = "https://github.com/firebase/firebase-ios-sdk.git";
			requirement = {
				kind = upToNextMajorVersion;
				minimumVersion = 9.0.0;
			};
		};
/* End XCRemoteSwiftPackageReference section */

/* Begin XCSwiftPackageProductDependency section */
		AB70D195298B50EA000C79D6 /* FirebaseAnalytics */ = {
			isa = XCSwiftPackageProductDependency;
			package = AB70D194298B50EA000C79D6 /* XCRemoteSwiftPackageReference "firebase-ios-sdk" */;
			productName = FirebaseAnalytics;
		};
		AB70D197298B50EA000C79D6 /* FirebaseAnalyticsOnDeviceConversion */ = {
			isa = XCSwiftPackageProductDependency;
			package = AB70D194298B50EA000C79D6 /* XCRemoteSwiftPackageReference "firebase-ios-sdk" */;
			productName = FirebaseAnalyticsOnDeviceConversion;
		};
		AB70D199298B50EA000C79D6 /* FirebaseAnalyticsSwift */ = {
			isa = XCSwiftPackageProductDependency;
			package = AB70D194298B50EA000C79D6 /* XCRemoteSwiftPackageReference "firebase-ios-sdk" */;
			productName = FirebaseAnalyticsSwift;
		};
		AB70D19B298B50EA000C79D6 /* FirebaseAnalyticsWithoutAdIdSupport */ = {
			isa = XCSwiftPackageProductDependency;
			package = AB70D194298B50EA000C79D6 /* XCRemoteSwiftPackageReference "firebase-ios-sdk" */;
			productName = FirebaseAnalyticsWithoutAdIdSupport;
		};
		AB70D19D298B50EA000C79D6 /* FirebaseAppCheck */ = {
			isa = XCSwiftPackageProductDependency;
			package = AB70D194298B50EA000C79D6 /* XCRemoteSwiftPackageReference "firebase-ios-sdk" */;
			productName = FirebaseAppCheck;
		};
		AB70D19F298B50EA000C79D6 /* FirebaseAppDistribution-Beta */ = {
			isa = XCSwiftPackageProductDependency;
			package = AB70D194298B50EA000C79D6 /* XCRemoteSwiftPackageReference "firebase-ios-sdk" */;
			productName = "FirebaseAppDistribution-Beta";
		};
		AB70D1A1298B50EA000C79D6 /* FirebaseAuth */ = {
			isa = XCSwiftPackageProductDependency;
			package = AB70D194298B50EA000C79D6 /* XCRemoteSwiftPackageReference "firebase-ios-sdk" */;
			productName = FirebaseAuth;
		};
		AB70D1A3298B50EA000C79D6 /* FirebaseAuthCombine-Community */ = {
			isa = XCSwiftPackageProductDependency;
			package = AB70D194298B50EA000C79D6 /* XCRemoteSwiftPackageReference "firebase-ios-sdk" */;
			productName = "FirebaseAuthCombine-Community";
		};
		AB70D1A5298B50EA000C79D6 /* FirebaseCrashlytics */ = {
			isa = XCSwiftPackageProductDependency;
			package = AB70D194298B50EA000C79D6 /* XCRemoteSwiftPackageReference "firebase-ios-sdk" */;
			productName = FirebaseCrashlytics;
		};
		AB70D1A7298B50EA000C79D6 /* FirebaseDatabase */ = {
			isa = XCSwiftPackageProductDependency;
			package = AB70D194298B50EA000C79D6 /* XCRemoteSwiftPackageReference "firebase-ios-sdk" */;
			productName = FirebaseDatabase;
		};
		AB70D1A9298B50EA000C79D6 /* FirebaseDatabaseSwift */ = {
			isa = XCSwiftPackageProductDependency;
			package = AB70D194298B50EA000C79D6 /* XCRemoteSwiftPackageReference "firebase-ios-sdk" */;
			productName = FirebaseDatabaseSwift;
		};
		AB70D1AB298B50EA000C79D6 /* FirebaseDynamicLinks */ = {
			isa = XCSwiftPackageProductDependency;
			package = AB70D194298B50EA000C79D6 /* XCRemoteSwiftPackageReference "firebase-ios-sdk" */;
			productName = FirebaseDynamicLinks;
		};
		AB70D1AD298B50EA000C79D6 /* FirebaseFirestore */ = {
			isa = XCSwiftPackageProductDependency;
			package = AB70D194298B50EA000C79D6 /* XCRemoteSwiftPackageReference "firebase-ios-sdk" */;
			productName = FirebaseFirestore;
		};
		AB70D1AF298B50EA000C79D6 /* FirebaseFirestoreCombine-Community */ = {
			isa = XCSwiftPackageProductDependency;
			package = AB70D194298B50EA000C79D6 /* XCRemoteSwiftPackageReference "firebase-ios-sdk" */;
			productName = "FirebaseFirestoreCombine-Community";
		};
		AB70D1B1298B50EA000C79D6 /* FirebaseFirestoreSwift */ = {
			isa = XCSwiftPackageProductDependency;
			package = AB70D194298B50EA000C79D6 /* XCRemoteSwiftPackageReference "firebase-ios-sdk" */;
			productName = FirebaseFirestoreSwift;
		};
		AB70D1B3298B50EA000C79D6 /* FirebaseFunctions */ = {
			isa = XCSwiftPackageProductDependency;
			package = AB70D194298B50EA000C79D6 /* XCRemoteSwiftPackageReference "firebase-ios-sdk" */;
			productName = FirebaseFunctions;
		};
		AB70D1B5298B50EA000C79D6 /* FirebaseFunctionsCombine-Community */ = {
			isa = XCSwiftPackageProductDependency;
			package = AB70D194298B50EA000C79D6 /* XCRemoteSwiftPackageReference "firebase-ios-sdk" */;
			productName = "FirebaseFunctionsCombine-Community";
		};
		AB70D1B7298B50EA000C79D6 /* FirebaseInAppMessaging-Beta */ = {
			isa = XCSwiftPackageProductDependency;
			package = AB70D194298B50EA000C79D6 /* XCRemoteSwiftPackageReference "firebase-ios-sdk" */;
			productName = "FirebaseInAppMessaging-Beta";
		};
		AB70D1B9298B50EA000C79D6 /* FirebaseInAppMessagingSwift-Beta */ = {
			isa = XCSwiftPackageProductDependency;
			package = AB70D194298B50EA000C79D6 /* XCRemoteSwiftPackageReference "firebase-ios-sdk" */;
			productName = "FirebaseInAppMessagingSwift-Beta";
		};
		AB70D1BB298B50EA000C79D6 /* FirebaseInstallations */ = {
			isa = XCSwiftPackageProductDependency;
			package = AB70D194298B50EA000C79D6 /* XCRemoteSwiftPackageReference "firebase-ios-sdk" */;
			productName = FirebaseInstallations;
		};
		AB70D1BD298B50EA000C79D6 /* FirebaseMLModelDownloader */ = {
			isa = XCSwiftPackageProductDependency;
			package = AB70D194298B50EA000C79D6 /* XCRemoteSwiftPackageReference "firebase-ios-sdk" */;
			productName = FirebaseMLModelDownloader;
		};
		AB70D1BF298B50EA000C79D6 /* FirebaseMessaging */ = {
			isa = XCSwiftPackageProductDependency;
			package = AB70D194298B50EA000C79D6 /* XCRemoteSwiftPackageReference "firebase-ios-sdk" */;
			productName = FirebaseMessaging;
		};
		AB70D1C1298B50EA000C79D6 /* FirebasePerformance */ = {
			isa = XCSwiftPackageProductDependency;
			package = AB70D194298B50EA000C79D6 /* XCRemoteSwiftPackageReference "firebase-ios-sdk" */;
			productName = FirebasePerformance;
		};
		AB70D1C3298B50EA000C79D6 /* FirebaseRemoteConfig */ = {
			isa = XCSwiftPackageProductDependency;
			package = AB70D194298B50EA000C79D6 /* XCRemoteSwiftPackageReference "firebase-ios-sdk" */;
			productName = FirebaseRemoteConfig;
		};
		AB70D1C5298B50EA000C79D6 /* FirebaseRemoteConfigSwift */ = {
			isa = XCSwiftPackageProductDependency;
			package = AB70D194298B50EA000C79D6 /* XCRemoteSwiftPackageReference "firebase-ios-sdk" */;
			productName = FirebaseRemoteConfigSwift;
		};
		AB70D1C7298B50EA000C79D6 /* FirebaseStorage */ = {
			isa = XCSwiftPackageProductDependency;
			package = AB70D194298B50EA000C79D6 /* XCRemoteSwiftPackageReference "firebase-ios-sdk" */;
			productName = FirebaseStorage;
		};
		AB70D1C9298B50EA000C79D6 /* FirebaseStorageCombine-Community */ = {
			isa = XCSwiftPackageProductDependency;
			package = AB70D194298B50EA000C79D6 /* XCRemoteSwiftPackageReference "firebase-ios-sdk" */;
			productName = "FirebaseStorageCombine-Community";
		};
/* End XCSwiftPackageProductDependency section */
	};
	rootObject = AB70D173298B4F71000C79D6 /* Project object */;
}
